
Microsoft Visual Studio Solution File, Format Version 12.00
# Visual Studio Version 16
VisualStudioVersion = 16.0.29123.88
MinimumVisualStudioVersion = 10.0.40219.1
Project("{2150E333-8FDC-42A3-9474-1A3956D46DE8}") = "1 Çekirdek", "1 Çekirdek", "{C7CD08D2-BED0-4990-8074-2F08CCD69757}"
EndProject
Project("{2150E333-8FDC-42A3-9474-1A3956D46DE8}") = "2 Altyapı", "2 Altyapı", "{19D28BD3-3C43-45AC-8E0B-322F74FAFCCD}"
EndProject
Project("{2150E333-8FDC-42A3-9474-1A3956D46DE8}") = "3 Gösterim", "3 Gösterim", "{73080000-1A94-407A-ADF2-CA9C2319959C}"
EndProject
Project("{2150E333-8FDC-42A3-9474-1A3956D46DE8}") = "Hizmetler", "Hizmetler", "{24C27C52-2158-4E33-8179-45B8C574049A}"
EndProject
Project("{2150E333-8FDC-42A3-9474-1A3956D46DE8}") = "Mobil", "Mobil", "{225CD039-F4E2-4209-854E-9F34662BDA1E}"
EndProject
Project("{2150E333-8FDC-42A3-9474-1A3956D46DE8}") = "Web", "Web", "{5B613ECB-C454-4B36-A1FB-85EA480F41EE}"
EndProject
Project("{9A19103F-16F7-4668-BE54-9A1E7A4F7556}") = "GüvenlikHizmet", "2 Altyapı\Hizmetler\GüvenlikHizmet\GüvenlikHizmet.csproj", "{C56F7EE7-5577-4B8F-AE80-958628416675}"
EndProject
Project("{2150E333-8FDC-42A3-9474-1A3956D46DE8}") = "ÇatıDolabı", "ÇatıDolabı", "{149A6824-5B59-42CF-BC68-8631A8FE3FBA}"
	ProjectSection(SolutionItems) = preProject
		Açıklayıcı Sözlük.txt = Açıklayıcı Sözlük.txt
		GitHub-Readme-Template.md = GitHub-Readme-Template.md
		ÇatıDolabı\Kod Alanlar.txt = ÇatıDolabı\Kod Alanlar.txt
		Script1.js = Script1.js
	EndProjectSection
EndProject
Project("{9A19103F-16F7-4668-BE54-9A1E7A4F7556}") = "BisiparişÇekirdek", "1 Çekirdek\BisiparişÇekirdek\BisiparişÇekirdek.csproj", "{CFFA0F1E-804E-4B6D-9CF4-E7CB057F74CD}"
EndProject
Project("{2150E333-8FDC-42A3-9474-1A3956D46DE8}") = "Veri", "Veri", "{C5E7116F-E7DE-4D73-B0B0-7EE756885699}"
EndProject
Project("{9A19103F-16F7-4668-BE54-9A1E7A4F7556}") = "MaliHizmet", "2 Altyapı\Hizmetler\MaliHizmet\MaliHizmet.csproj", "{ECBAB1B9-45A4-4FF4-87AD-0F29EDE3FFCF}"
EndProject
Project("{9A19103F-16F7-4668-BE54-9A1E7A4F7556}") = "BisiparişWeb", "3 Gösterim\Web\BisiparişWeb\BisiparişWeb.csproj", "{9521934F-C3CE-4A54-BDB7-38C5DAE6BB0F}"
EndProject
Project("{9A19103F-16F7-4668-BE54-9A1E7A4F7556}") = "BisiparişVeriAltYapı", "2 Altyapı\Veri\BisiparişVeriAltYapı\BisiparişVeriAltYapı.csproj", "{D094FC01-D80C-4C0A-82B2-F770D2094028}"
EndProject
Project("{9A19103F-16F7-4668-BE54-9A1E7A4F7556}") = "ArkaUçİşlemlerHizmet", "2 Altyapı\Hizmetler\ArkaUçİşlemlerHizmet\ArkaUçİşlemlerHizmet.csproj", "{C17430EF-FBC1-4624-8C2D-DC4F5184A849}"
EndProject
Project("{9A19103F-16F7-4668-BE54-9A1E7A4F7556}") = "ÖnUçİşlemlerHizmet", "2 Altyapı\Hizmetler\ÖnUçİşlemlerHizmet\ÖnUçİşlemlerHizmet.csproj", "{8CAE8143-EE59-4486-8653-B321D54FE00F}"
EndProject
Project("{9A19103F-16F7-4668-BE54-9A1E7A4F7556}") = "PropertiesReplicator", "ÇatıDolabı\PropertiesReplicator\PropertiesReplicator.csproj", "{B9391AFB-0736-4762-8B40-B8C1F4CBE1B9}"
EndProject
Project("{9A19103F-16F7-4668-BE54-9A1E7A4F7556}") = "VeritabanıKuklaProje", "2 Altyapı\Veri\VeritabanıKuklaProje\VeritabanıKuklaProje.csproj", "{17B0ADD3-B36D-4A49-B328-484AD83D72D6}"
EndProject
Project("{9A19103F-16F7-4668-BE54-9A1E7A4F7556}") = "OlayGünlüğüHizmet", "2 Altyapı\Hizmetler\OlayGünlüğüHizmet\OlayGünlüğüHizmet.csproj", "{DB869BAA-2E9B-45A4-8B9B-2581D2CA9E09}"
EndProject
Project("{9A19103F-16F7-4668-BE54-9A1E7A4F7556}") = "BisiparişSistemBaşlancı", "ÇatıDolabı\BisiparişSistemBaşlancı\BisiparişSistemBaşlancı.csproj", "{1CBC24D8-FA23-4ED6-9620-C91798E7F083}"
EndProject
Project("{9A19103F-16F7-4668-BE54-9A1E7A4F7556}") = "SystemComponentsPublishTool", "ÇatıDolabı\SystemComponentsPublishTool\SystemComponentsPublishTool.csproj", "{C1ECCAB8-4DE6-4DD9-8B20-AC3EFBAB2D45}"
EndProject
Project("{9A19103F-16F7-4668-BE54-9A1E7A4F7556}") = "GeneralWebApp", "ÇatıDolabı\GeneralWebApp\GeneralWebApp.csproj", "{863B71BC-CD0C-4FF4-968B-2F4D2CC66D06}"
EndProject
Project("{2150E333-8FDC-42A3-9474-1A3956D46DE8}") = "Solution Items", "Solution Items", "{EBBF9A58-0925-469C-BD9E-8DA240DDA033}"
	ProjectSection(SolutionItems) = preProject
		README.md = README.md
	EndProjectSection
EndProject
Project("{FAE04EC0-301F-11D3-BF4B-00C04F79EFBC}") = "BisiparisApp.Android", "..\BisiparisMobileV1_0Alpha04\BisiparisApp\BisiparisApp.Android\BisiparisApp.Android.csproj", "{0F1EDC6E-D4B0-480B-9BA6-7AF0CB185B3C}"
EndProject
Project("{FAE04EC0-301F-11D3-BF4B-00C04F79EFBC}") = "BisiparisApp.iOS", "..\BisiparisMobileV1_0Alpha04\BisiparisApp\BisiparisApp.iOS\BisiparisApp.iOS.csproj", "{E123EB2A-696E-4A13-BF8E-BE06533C1E0A}"
EndProject
Project("{9A19103F-16F7-4668-BE54-9A1E7A4F7556}") = "BisiparisApp", "..\BisiparisMobileV1_0Alpha04\BisiparisApp\BisiparisApp\BisiparisApp.csproj", "{94BCEE63-F692-4E44-8C53-ED10857FD904}"
EndProject
Project("{FAE04EC0-301F-11D3-BF4B-00C04F79EFBC}") = "NumberOfCodeLines", "ÇatıDolabı\NumberOfCodeLines\NumberOfCodeLines.csproj", "{F487E641-11DD-4CA4-8B90-363367332C24}"
EndProject
Global
	GlobalSection(SolutionConfigurationPlatforms) = preSolution
		Debug|Any CPU = Debug|Any CPU
		Debug|iPhone = Debug|iPhone
		Debug|iPhoneSimulator = Debug|iPhoneSimulator
		Release|Any CPU = Release|Any CPU
		Release|iPhone = Release|iPhone
		Release|iPhoneSimulator = Release|iPhoneSimulator
	EndGlobalSection
	GlobalSection(ProjectConfigurationPlatforms) = postSolution
		{C56F7EE7-5577-4B8F-AE80-958628416675}.Debug|Any CPU.ActiveCfg = Debug|Any CPU
		{C56F7EE7-5577-4B8F-AE80-958628416675}.Debug|Any CPU.Build.0 = Debug|Any CPU
		{C56F7EE7-5577-4B8F-AE80-958628416675}.Debug|iPhone.ActiveCfg = Debug|Any CPU
		{C56F7EE7-5577-4B8F-AE80-958628416675}.Debug|iPhone.Build.0 = Debug|Any CPU
		{C56F7EE7-5577-4B8F-AE80-958628416675}.Debug|iPhoneSimulator.ActiveCfg = Debug|Any CPU
		{C56F7EE7-5577-4B8F-AE80-958628416675}.Debug|iPhoneSimulator.Build.0 = Debug|Any CPU
		{C56F7EE7-5577-4B8F-AE80-958628416675}.Release|Any CPU.ActiveCfg = Release|Any CPU
		{C56F7EE7-5577-4B8F-AE80-958628416675}.Release|Any CPU.Build.0 = Release|Any CPU
		{C56F7EE7-5577-4B8F-AE80-958628416675}.Release|iPhone.ActiveCfg = Release|Any CPU
		{C56F7EE7-5577-4B8F-AE80-958628416675}.Release|iPhone.Build.0 = Release|Any CPU
		{C56F7EE7-5577-4B8F-AE80-958628416675}.Release|iPhoneSimulator.ActiveCfg = Release|Any CPU
		{C56F7EE7-5577-4B8F-AE80-958628416675}.Release|iPhoneSimulator.Build.0 = Release|Any CPU
		{CFFA0F1E-804E-4B6D-9CF4-E7CB057F74CD}.Debug|Any CPU.ActiveCfg = Debug|Any CPU
		{CFFA0F1E-804E-4B6D-9CF4-E7CB057F74CD}.Debug|Any CPU.Build.0 = Debug|Any CPU
		{CFFA0F1E-804E-4B6D-9CF4-E7CB057F74CD}.Debug|iPhone.ActiveCfg = Debug|Any CPU
		{CFFA0F1E-804E-4B6D-9CF4-E7CB057F74CD}.Debug|iPhone.Build.0 = Debug|Any CPU
		{CFFA0F1E-804E-4B6D-9CF4-E7CB057F74CD}.Debug|iPhoneSimulator.ActiveCfg = Debug|Any CPU
		{CFFA0F1E-804E-4B6D-9CF4-E7CB057F74CD}.Debug|iPhoneSimulator.Build.0 = Debug|Any CPU
		{CFFA0F1E-804E-4B6D-9CF4-E7CB057F74CD}.Release|Any CPU.ActiveCfg = Release|Any CPU
		{CFFA0F1E-804E-4B6D-9CF4-E7CB057F74CD}.Release|Any CPU.Build.0 = Release|Any CPU
		{CFFA0F1E-804E-4B6D-9CF4-E7CB057F74CD}.Release|iPhone.ActiveCfg = Release|Any CPU
		{CFFA0F1E-804E-4B6D-9CF4-E7CB057F74CD}.Release|iPhone.Build.0 = Release|Any CPU
		{CFFA0F1E-804E-4B6D-9CF4-E7CB057F74CD}.Release|iPhoneSimulator.ActiveCfg = Release|Any CPU
		{CFFA0F1E-804E-4B6D-9CF4-E7CB057F74CD}.Release|iPhoneSimulator.Build.0 = Release|Any CPU
		{ECBAB1B9-45A4-4FF4-87AD-0F29EDE3FFCF}.Debug|Any CPU.ActiveCfg = Debug|Any CPU
		{ECBAB1B9-45A4-4FF4-87AD-0F29EDE3FFCF}.Debug|Any CPU.Build.0 = Debug|Any CPU
		{ECBAB1B9-45A4-4FF4-87AD-0F29EDE3FFCF}.Debug|iPhone.ActiveCfg = Debug|Any CPU
		{ECBAB1B9-45A4-4FF4-87AD-0F29EDE3FFCF}.Debug|iPhone.Build.0 = Debug|Any CPU
		{ECBAB1B9-45A4-4FF4-87AD-0F29EDE3FFCF}.Debug|iPhoneSimulator.ActiveCfg = Debug|Any CPU
		{ECBAB1B9-45A4-4FF4-87AD-0F29EDE3FFCF}.Debug|iPhoneSimulator.Build.0 = Debug|Any CPU
		{ECBAB1B9-45A4-4FF4-87AD-0F29EDE3FFCF}.Release|Any CPU.ActiveCfg = Release|Any CPU
		{ECBAB1B9-45A4-4FF4-87AD-0F29EDE3FFCF}.Release|Any CPU.Build.0 = Release|Any CPU
		{ECBAB1B9-45A4-4FF4-87AD-0F29EDE3FFCF}.Release|iPhone.ActiveCfg = Release|Any CPU
		{ECBAB1B9-45A4-4FF4-87AD-0F29EDE3FFCF}.Release|iPhone.Build.0 = Release|Any CPU
		{ECBAB1B9-45A4-4FF4-87AD-0F29EDE3FFCF}.Release|iPhoneSimulator.ActiveCfg = Release|Any CPU
		{ECBAB1B9-45A4-4FF4-87AD-0F29EDE3FFCF}.Release|iPhoneSimulator.Build.0 = Release|Any CPU
		{9521934F-C3CE-4A54-BDB7-38C5DAE6BB0F}.Debug|Any CPU.ActiveCfg = Debug|Any CPU
		{9521934F-C3CE-4A54-BDB7-38C5DAE6BB0F}.Debug|Any CPU.Build.0 = Debug|Any CPU
		{9521934F-C3CE-4A54-BDB7-38C5DAE6BB0F}.Debug|iPhone.ActiveCfg = Debug|Any CPU
		{9521934F-C3CE-4A54-BDB7-38C5DAE6BB0F}.Debug|iPhone.Build.0 = Debug|Any CPU
		{9521934F-C3CE-4A54-BDB7-38C5DAE6BB0F}.Debug|iPhoneSimulator.ActiveCfg = Debug|Any CPU
		{9521934F-C3CE-4A54-BDB7-38C5DAE6BB0F}.Debug|iPhoneSimulator.Build.0 = Debug|Any CPU
		{9521934F-C3CE-4A54-BDB7-38C5DAE6BB0F}.Release|Any CPU.ActiveCfg = Release|Any CPU
		{9521934F-C3CE-4A54-BDB7-38C5DAE6BB0F}.Release|Any CPU.Build.0 = Release|Any CPU
		{9521934F-C3CE-4A54-BDB7-38C5DAE6BB0F}.Release|iPhone.ActiveCfg = Release|Any CPU
		{9521934F-C3CE-4A54-BDB7-38C5DAE6BB0F}.Release|iPhone.Build.0 = Release|Any CPU
		{9521934F-C3CE-4A54-BDB7-38C5DAE6BB0F}.Release|iPhoneSimulator.ActiveCfg = Release|Any CPU
		{9521934F-C3CE-4A54-BDB7-38C5DAE6BB0F}.Release|iPhoneSimulator.Build.0 = Release|Any CPU
		{D094FC01-D80C-4C0A-82B2-F770D2094028}.Debug|Any CPU.ActiveCfg = Debug|Any CPU
		{D094FC01-D80C-4C0A-82B2-F770D2094028}.Debug|Any CPU.Build.0 = Debug|Any CPU
		{D094FC01-D80C-4C0A-82B2-F770D2094028}.Debug|iPhone.ActiveCfg = Debug|Any CPU
		{D094FC01-D80C-4C0A-82B2-F770D2094028}.Debug|iPhone.Build.0 = Debug|Any CPU
		{D094FC01-D80C-4C0A-82B2-F770D2094028}.Debug|iPhoneSimulator.ActiveCfg = Debug|Any CPU
		{D094FC01-D80C-4C0A-82B2-F770D2094028}.Debug|iPhoneSimulator.Build.0 = Debug|Any CPU
		{D094FC01-D80C-4C0A-82B2-F770D2094028}.Release|Any CPU.ActiveCfg = Release|Any CPU
		{D094FC01-D80C-4C0A-82B2-F770D2094028}.Release|Any CPU.Build.0 = Release|Any CPU
		{D094FC01-D80C-4C0A-82B2-F770D2094028}.Release|iPhone.ActiveCfg = Release|Any CPU
		{D094FC01-D80C-4C0A-82B2-F770D2094028}.Release|iPhone.Build.0 = Release|Any CPU
		{D094FC01-D80C-4C0A-82B2-F770D2094028}.Release|iPhoneSimulator.ActiveCfg = Release|Any CPU
		{D094FC01-D80C-4C0A-82B2-F770D2094028}.Release|iPhoneSimulator.Build.0 = Release|Any CPU
		{C17430EF-FBC1-4624-8C2D-DC4F5184A849}.Debug|Any CPU.ActiveCfg = Debug|Any CPU
		{C17430EF-FBC1-4624-8C2D-DC4F5184A849}.Debug|Any CPU.Build.0 = Debug|Any CPU
		{C17430EF-FBC1-4624-8C2D-DC4F5184A849}.Debug|iPhone.ActiveCfg = Debug|Any CPU
		{C17430EF-FBC1-4624-8C2D-DC4F5184A849}.Debug|iPhone.Build.0 = Debug|Any CPU
		{C17430EF-FBC1-4624-8C2D-DC4F5184A849}.Debug|iPhoneSimulator.ActiveCfg = Debug|Any CPU
		{C17430EF-FBC1-4624-8C2D-DC4F5184A849}.Debug|iPhoneSimulator.Build.0 = Debug|Any CPU
		{C17430EF-FBC1-4624-8C2D-DC4F5184A849}.Release|Any CPU.ActiveCfg = Release|Any CPU
		{C17430EF-FBC1-4624-8C2D-DC4F5184A849}.Release|Any CPU.Build.0 = Release|Any CPU
		{C17430EF-FBC1-4624-8C2D-DC4F5184A849}.Release|iPhone.ActiveCfg = Release|Any CPU
		{C17430EF-FBC1-4624-8C2D-DC4F5184A849}.Release|iPhone.Build.0 = Release|Any CPU
		{C17430EF-FBC1-4624-8C2D-DC4F5184A849}.Release|iPhoneSimulator.ActiveCfg = Release|Any CPU
		{C17430EF-FBC1-4624-8C2D-DC4F5184A849}.Release|iPhoneSimulator.Build.0 = Release|Any CPU
		{8CAE8143-EE59-4486-8653-B321D54FE00F}.Debug|Any CPU.ActiveCfg = Debug|Any CPU
		{8CAE8143-EE59-4486-8653-B321D54FE00F}.Debug|Any CPU.Build.0 = Debug|Any CPU
		{8CAE8143-EE59-4486-8653-B321D54FE00F}.Debug|iPhone.ActiveCfg = Debug|Any CPU
		{8CAE8143-EE59-4486-8653-B321D54FE00F}.Debug|iPhone.Build.0 = Debug|Any CPU
		{8CAE8143-EE59-4486-8653-B321D54FE00F}.Debug|iPhoneSimulator.ActiveCfg = Debug|Any CPU
		{8CAE8143-EE59-4486-8653-B321D54FE00F}.Debug|iPhoneSimulator.Build.0 = Debug|Any CPU
		{8CAE8143-EE59-4486-8653-B321D54FE00F}.Release|Any CPU.ActiveCfg = Release|Any CPU
		{8CAE8143-EE59-4486-8653-B321D54FE00F}.Release|Any CPU.Build.0 = Release|Any CPU
		{8CAE8143-EE59-4486-8653-B321D54FE00F}.Release|iPhone.ActiveCfg = Release|Any CPU
		{8CAE8143-EE59-4486-8653-B321D54FE00F}.Release|iPhone.Build.0 = Release|Any CPU
		{8CAE8143-EE59-4486-8653-B321D54FE00F}.Release|iPhoneSimulator.ActiveCfg = Release|Any CPU
		{8CAE8143-EE59-4486-8653-B321D54FE00F}.Release|iPhoneSimulator.Build.0 = Release|Any CPU
		{B9391AFB-0736-4762-8B40-B8C1F4CBE1B9}.Debug|Any CPU.ActiveCfg = Debug|Any CPU
		{B9391AFB-0736-4762-8B40-B8C1F4CBE1B9}.Debug|Any CPU.Build.0 = Debug|Any CPU
		{B9391AFB-0736-4762-8B40-B8C1F4CBE1B9}.Debug|iPhone.ActiveCfg = Debug|Any CPU
		{B9391AFB-0736-4762-8B40-B8C1F4CBE1B9}.Debug|iPhone.Build.0 = Debug|Any CPU
		{B9391AFB-0736-4762-8B40-B8C1F4CBE1B9}.Debug|iPhoneSimulator.ActiveCfg = Debug|Any CPU
		{B9391AFB-0736-4762-8B40-B8C1F4CBE1B9}.Debug|iPhoneSimulator.Build.0 = Debug|Any CPU
		{B9391AFB-0736-4762-8B40-B8C1F4CBE1B9}.Release|Any CPU.ActiveCfg = Release|Any CPU
		{B9391AFB-0736-4762-8B40-B8C1F4CBE1B9}.Release|Any CPU.Build.0 = Release|Any CPU
		{B9391AFB-0736-4762-8B40-B8C1F4CBE1B9}.Release|iPhone.ActiveCfg = Release|Any CPU
		{B9391AFB-0736-4762-8B40-B8C1F4CBE1B9}.Release|iPhone.Build.0 = Release|Any CPU
		{B9391AFB-0736-4762-8B40-B8C1F4CBE1B9}.Release|iPhoneSimulator.ActiveCfg = Release|Any CPU
		{B9391AFB-0736-4762-8B40-B8C1F4CBE1B9}.Release|iPhoneSimulator.Build.0 = Release|Any CPU
		{17B0ADD3-B36D-4A49-B328-484AD83D72D6}.Debug|Any CPU.ActiveCfg = Debug|Any CPU
		{17B0ADD3-B36D-4A49-B328-484AD83D72D6}.Debug|Any CPU.Build.0 = Debug|Any CPU
		{17B0ADD3-B36D-4A49-B328-484AD83D72D6}.Debug|iPhone.ActiveCfg = Debug|Any CPU
		{17B0ADD3-B36D-4A49-B328-484AD83D72D6}.Debug|iPhone.Build.0 = Debug|Any CPU
		{17B0ADD3-B36D-4A49-B328-484AD83D72D6}.Debug|iPhoneSimulator.ActiveCfg = Debug|Any CPU
		{17B0ADD3-B36D-4A49-B328-484AD83D72D6}.Debug|iPhoneSimulator.Build.0 = Debug|Any CPU
		{17B0ADD3-B36D-4A49-B328-484AD83D72D6}.Release|Any CPU.ActiveCfg = Release|Any CPU
		{17B0ADD3-B36D-4A49-B328-484AD83D72D6}.Release|Any CPU.Build.0 = Release|Any CPU
		{17B0ADD3-B36D-4A49-B328-484AD83D72D6}.Release|iPhone.ActiveCfg = Release|Any CPU
		{17B0ADD3-B36D-4A49-B328-484AD83D72D6}.Release|iPhone.Build.0 = Release|Any CPU
		{17B0ADD3-B36D-4A49-B328-484AD83D72D6}.Release|iPhoneSimulator.ActiveCfg = Release|Any CPU
		{17B0ADD3-B36D-4A49-B328-484AD83D72D6}.Release|iPhoneSimulator.Build.0 = Release|Any CPU
		{DB869BAA-2E9B-45A4-8B9B-2581D2CA9E09}.Debug|Any CPU.ActiveCfg = Debug|Any CPU
		{DB869BAA-2E9B-45A4-8B9B-2581D2CA9E09}.Debug|Any CPU.Build.0 = Debug|Any CPU
		{DB869BAA-2E9B-45A4-8B9B-2581D2CA9E09}.Debug|iPhone.ActiveCfg = Debug|Any CPU
		{DB869BAA-2E9B-45A4-8B9B-2581D2CA9E09}.Debug|iPhone.Build.0 = Debug|Any CPU
		{DB869BAA-2E9B-45A4-8B9B-2581D2CA9E09}.Debug|iPhoneSimulator.ActiveCfg = Debug|Any CPU
		{DB869BAA-2E9B-45A4-8B9B-2581D2CA9E09}.Debug|iPhoneSimulator.Build.0 = Debug|Any CPU
		{DB869BAA-2E9B-45A4-8B9B-2581D2CA9E09}.Release|Any CPU.ActiveCfg = Release|Any CPU
		{DB869BAA-2E9B-45A4-8B9B-2581D2CA9E09}.Release|Any CPU.Build.0 = Release|Any CPU
		{DB869BAA-2E9B-45A4-8B9B-2581D2CA9E09}.Release|iPhone.ActiveCfg = Release|Any CPU
		{DB869BAA-2E9B-45A4-8B9B-2581D2CA9E09}.Release|iPhone.Build.0 = Release|Any CPU
		{DB869BAA-2E9B-45A4-8B9B-2581D2CA9E09}.Release|iPhoneSimulator.ActiveCfg = Release|Any CPU
		{DB869BAA-2E9B-45A4-8B9B-2581D2CA9E09}.Release|iPhoneSimulator.Build.0 = Release|Any CPU
		{1CBC24D8-FA23-4ED6-9620-C91798E7F083}.Debug|Any CPU.ActiveCfg = Debug|Any CPU
		{1CBC24D8-FA23-4ED6-9620-C91798E7F083}.Debug|Any CPU.Build.0 = Debug|Any CPU
		{1CBC24D8-FA23-4ED6-9620-C91798E7F083}.Debug|iPhone.ActiveCfg = Debug|Any CPU
		{1CBC24D8-FA23-4ED6-9620-C91798E7F083}.Debug|iPhone.Build.0 = Debug|Any CPU
		{1CBC24D8-FA23-4ED6-9620-C91798E7F083}.Debug|iPhoneSimulator.ActiveCfg = Debug|Any CPU
		{1CBC24D8-FA23-4ED6-9620-C91798E7F083}.Debug|iPhoneSimulator.Build.0 = Debug|Any CPU
		{1CBC24D8-FA23-4ED6-9620-C91798E7F083}.Release|Any CPU.ActiveCfg = Release|Any CPU
		{1CBC24D8-FA23-4ED6-9620-C91798E7F083}.Release|Any CPU.Build.0 = Release|Any CPU
		{1CBC24D8-FA23-4ED6-9620-C91798E7F083}.Release|iPhone.ActiveCfg = Release|Any CPU
		{1CBC24D8-FA23-4ED6-9620-C91798E7F083}.Release|iPhone.Build.0 = Release|Any CPU
		{1CBC24D8-FA23-4ED6-9620-C91798E7F083}.Release|iPhoneSimulator.ActiveCfg = Release|Any CPU
		{1CBC24D8-FA23-4ED6-9620-C91798E7F083}.Release|iPhoneSimulator.Build.0 = Release|Any CPU
		{C1ECCAB8-4DE6-4DD9-8B20-AC3EFBAB2D45}.Debug|Any CPU.ActiveCfg = Debug|Any CPU
		{C1ECCAB8-4DE6-4DD9-8B20-AC3EFBAB2D45}.Debug|Any CPU.Build.0 = Debug|Any CPU
		{C1ECCAB8-4DE6-4DD9-8B20-AC3EFBAB2D45}.Debug|iPhone.ActiveCfg = Debug|Any CPU
		{C1ECCAB8-4DE6-4DD9-8B20-AC3EFBAB2D45}.Debug|iPhone.Build.0 = Debug|Any CPU
		{C1ECCAB8-4DE6-4DD9-8B20-AC3EFBAB2D45}.Debug|iPhoneSimulator.ActiveCfg = Debug|Any CPU
		{C1ECCAB8-4DE6-4DD9-8B20-AC3EFBAB2D45}.Debug|iPhoneSimulator.Build.0 = Debug|Any CPU
		{C1ECCAB8-4DE6-4DD9-8B20-AC3EFBAB2D45}.Release|Any CPU.ActiveCfg = Release|Any CPU
		{C1ECCAB8-4DE6-4DD9-8B20-AC3EFBAB2D45}.Release|Any CPU.Build.0 = Release|Any CPU
		{C1ECCAB8-4DE6-4DD9-8B20-AC3EFBAB2D45}.Release|iPhone.ActiveCfg = Release|Any CPU
		{C1ECCAB8-4DE6-4DD9-8B20-AC3EFBAB2D45}.Release|iPhone.Build.0 = Release|Any CPU
		{C1ECCAB8-4DE6-4DD9-8B20-AC3EFBAB2D45}.Release|iPhoneSimulator.ActiveCfg = Release|Any CPU
		{C1ECCAB8-4DE6-4DD9-8B20-AC3EFBAB2D45}.Release|iPhoneSimulator.Build.0 = Release|Any CPU
		{863B71BC-CD0C-4FF4-968B-2F4D2CC66D06}.Debug|Any CPU.ActiveCfg = Debug|Any CPU
		{863B71BC-CD0C-4FF4-968B-2F4D2CC66D06}.Debug|Any CPU.Build.0 = Debug|Any CPU
		{863B71BC-CD0C-4FF4-968B-2F4D2CC66D06}.Debug|iPhone.ActiveCfg = Debug|Any CPU
		{863B71BC-CD0C-4FF4-968B-2F4D2CC66D06}.Debug|iPhone.Build.0 = Debug|Any CPU
		{863B71BC-CD0C-4FF4-968B-2F4D2CC66D06}.Debug|iPhoneSimulator.ActiveCfg = Debug|Any CPU
		{863B71BC-CD0C-4FF4-968B-2F4D2CC66D06}.Debug|iPhoneSimulator.Build.0 = Debug|Any CPU
		{863B71BC-CD0C-4FF4-968B-2F4D2CC66D06}.Release|Any CPU.ActiveCfg = Release|Any CPU
		{863B71BC-CD0C-4FF4-968B-2F4D2CC66D06}.Release|Any CPU.Build.0 = Release|Any CPU
		{863B71BC-CD0C-4FF4-968B-2F4D2CC66D06}.Release|iPhone.ActiveCfg = Release|Any CPU
		{863B71BC-CD0C-4FF4-968B-2F4D2CC66D06}.Release|iPhone.Build.0 = Release|Any CPU
		{863B71BC-CD0C-4FF4-968B-2F4D2CC66D06}.Release|iPhoneSimulator.ActiveCfg = Release|Any CPU
		{863B71BC-CD0C-4FF4-968B-2F4D2CC66D06}.Release|iPhoneSimulator.Build.0 = Release|Any CPU
		{0F1EDC6E-D4B0-480B-9BA6-7AF0CB185B3C}.Debug|Any CPU.ActiveCfg = Debug|Any CPU
		{0F1EDC6E-D4B0-480B-9BA6-7AF0CB185B3C}.Debug|Any CPU.Build.0 = Debug|Any CPU
		{0F1EDC6E-D4B0-480B-9BA6-7AF0CB185B3C}.Debug|Any CPU.Deploy.0 = Debug|Any CPU
		{0F1EDC6E-D4B0-480B-9BA6-7AF0CB185B3C}.Debug|iPhone.ActiveCfg = Debug|Any CPU
		{0F1EDC6E-D4B0-480B-9BA6-7AF0CB185B3C}.Debug|iPhone.Build.0 = Debug|Any CPU
		{0F1EDC6E-D4B0-480B-9BA6-7AF0CB185B3C}.Debug|iPhone.Deploy.0 = Debug|Any CPU
		{0F1EDC6E-D4B0-480B-9BA6-7AF0CB185B3C}.Debug|iPhoneSimulator.ActiveCfg = Debug|Any CPU
		{0F1EDC6E-D4B0-480B-9BA6-7AF0CB185B3C}.Debug|iPhoneSimulator.Build.0 = Debug|Any CPU
		{0F1EDC6E-D4B0-480B-9BA6-7AF0CB185B3C}.Debug|iPhoneSimulator.Deploy.0 = Debug|Any CPU
		{0F1EDC6E-D4B0-480B-9BA6-7AF0CB185B3C}.Release|Any CPU.ActiveCfg = Release|Any CPU
		{0F1EDC6E-D4B0-480B-9BA6-7AF0CB185B3C}.Release|Any CPU.Build.0 = Release|Any CPU
		{0F1EDC6E-D4B0-480B-9BA6-7AF0CB185B3C}.Release|Any CPU.Deploy.0 = Release|Any CPU
		{0F1EDC6E-D4B0-480B-9BA6-7AF0CB185B3C}.Release|iPhone.ActiveCfg = Release|Any CPU
		{0F1EDC6E-D4B0-480B-9BA6-7AF0CB185B3C}.Release|iPhone.Build.0 = Release|Any CPU
		{0F1EDC6E-D4B0-480B-9BA6-7AF0CB185B3C}.Release|iPhone.Deploy.0 = Release|Any CPU
		{0F1EDC6E-D4B0-480B-9BA6-7AF0CB185B3C}.Release|iPhoneSimulator.ActiveCfg = Release|Any CPU
		{0F1EDC6E-D4B0-480B-9BA6-7AF0CB185B3C}.Release|iPhoneSimulator.Build.0 = Release|Any CPU
		{0F1EDC6E-D4B0-480B-9BA6-7AF0CB185B3C}.Release|iPhoneSimulator.Deploy.0 = Release|Any CPU
		{E123EB2A-696E-4A13-BF8E-BE06533C1E0A}.Debug|Any CPU.ActiveCfg = Debug|iPhone
		{E123EB2A-696E-4A13-BF8E-BE06533C1E0A}.Debug|iPhone.ActiveCfg = Debug|iPhone
		{E123EB2A-696E-4A13-BF8E-BE06533C1E0A}.Debug|iPhone.Build.0 = Debug|iPhone
		{E123EB2A-696E-4A13-BF8E-BE06533C1E0A}.Debug|iPhoneSimulator.ActiveCfg = Debug|iPhoneSimulator
		{E123EB2A-696E-4A13-BF8E-BE06533C1E0A}.Debug|iPhoneSimulator.Build.0 = Debug|iPhoneSimulator
		{E123EB2A-696E-4A13-BF8E-BE06533C1E0A}.Release|Any CPU.ActiveCfg = Release|iPhone
		{E123EB2A-696E-4A13-BF8E-BE06533C1E0A}.Release|iPhone.ActiveCfg = Release|iPhone
		{E123EB2A-696E-4A13-BF8E-BE06533C1E0A}.Release|iPhone.Build.0 = Release|iPhone
		{E123EB2A-696E-4A13-BF8E-BE06533C1E0A}.Release|iPhoneSimulator.ActiveCfg = Release|iPhoneSimulator
		{E123EB2A-696E-4A13-BF8E-BE06533C1E0A}.Release|iPhoneSimulator.Build.0 = Release|iPhoneSimulator
		{94BCEE63-F692-4E44-8C53-ED10857FD904}.Debug|Any CPU.ActiveCfg = Debug|Any CPU
		{94BCEE63-F692-4E44-8C53-ED10857FD904}.Debug|Any CPU.Build.0 = Debug|Any CPU
		{94BCEE63-F692-4E44-8C53-ED10857FD904}.Debug|iPhone.ActiveCfg = Debug|Any CPU
		{94BCEE63-F692-4E44-8C53-ED10857FD904}.Debug|iPhone.Build.0 = Debug|Any CPU
		{94BCEE63-F692-4E44-8C53-ED10857FD904}.Debug|iPhoneSimulator.ActiveCfg = Debug|Any CPU
		{94BCEE63-F692-4E44-8C53-ED10857FD904}.Debug|iPhoneSimulator.Build.0 = Debug|Any CPU
		{94BCEE63-F692-4E44-8C53-ED10857FD904}.Release|Any CPU.ActiveCfg = Release|Any CPU
		{94BCEE63-F692-4E44-8C53-ED10857FD904}.Release|Any CPU.Build.0 = Release|Any CPU
		{94BCEE63-F692-4E44-8C53-ED10857FD904}.Release|iPhone.ActiveCfg = Release|Any CPU
		{94BCEE63-F692-4E44-8C53-ED10857FD904}.Release|iPhone.Build.0 = Release|Any CPU
		{94BCEE63-F692-4E44-8C53-ED10857FD904}.Release|iPhoneSimulator.ActiveCfg = Release|Any CPU
		{94BCEE63-F692-4E44-8C53-ED10857FD904}.Release|iPhoneSimulator.Build.0 = Release|Any CPU
		{F487E641-11DD-4CA4-8B90-363367332C24}.Debug|Any CPU.ActiveCfg = Debug|Any CPU
		{F487E641-11DD-4CA4-8B90-363367332C24}.Debug|Any CPU.Build.0 = Debug|Any CPU
		{F487E641-11DD-4CA4-8B90-363367332C24}.Debug|iPhone.ActiveCfg = Debug|Any CPU
		{F487E641-11DD-4CA4-8B90-363367332C24}.Debug|iPhone.Build.0 = Debug|Any CPU
		{F487E641-11DD-4CA4-8B90-363367332C24}.Debug|iPhoneSimulator.ActiveCfg = Debug|Any CPU
		{F487E641-11DD-4CA4-8B90-363367332C24}.Debug|iPhoneSimulator.Build.0 = Debug|Any CPU
		{F487E641-11DD-4CA4-8B90-363367332C24}.Release|Any CPU.ActiveCfg = Release|Any CPU
		{F487E641-11DD-4CA4-8B90-363367332C24}.Release|Any CPU.Build.0 = Release|Any CPU
		{F487E641-11DD-4CA4-8B90-363367332C24}.Release|iPhone.ActiveCfg = Release|Any CPU
		{F487E641-11DD-4CA4-8B90-363367332C24}.Release|iPhone.Build.0 = Release|Any CPU
		{F487E641-11DD-4CA4-8B90-363367332C24}.Release|iPhoneSimulator.ActiveCfg = Release|Any CPU
		{F487E641-11DD-4CA4-8B90-363367332C24}.Release|iPhoneSimulator.Build.0 = Release|Any CPU
	EndGlobalSection
	GlobalSection(SolutionProperties) = preSolution
		HideSolutionNode = FALSE
	EndGlobalSection
	GlobalSection(NestedProjects) = preSolution
		{24C27C52-2158-4E33-8179-45B8C574049A} = {19D28BD3-3C43-45AC-8E0B-322F74FAFCCD}
		{225CD039-F4E2-4209-854E-9F34662BDA1E} = {73080000-1A94-407A-ADF2-CA9C2319959C}
		{5B613ECB-C454-4B36-A1FB-85EA480F41EE} = {73080000-1A94-407A-ADF2-CA9C2319959C}
		{C56F7EE7-5577-4B8F-AE80-958628416675} = {24C27C52-2158-4E33-8179-45B8C574049A}
		{CFFA0F1E-804E-4B6D-9CF4-E7CB057F74CD} = {C7CD08D2-BED0-4990-8074-2F08CCD69757}
		{C5E7116F-E7DE-4D73-B0B0-7EE756885699} = {19D28BD3-3C43-45AC-8E0B-322F74FAFCCD}
		{ECBAB1B9-45A4-4FF4-87AD-0F29EDE3FFCF} = {24C27C52-2158-4E33-8179-45B8C574049A}
		{9521934F-C3CE-4A54-BDB7-38C5DAE6BB0F} = {5B613ECB-C454-4B36-A1FB-85EA480F41EE}
		{D094FC01-D80C-4C0A-82B2-F770D2094028} = {C5E7116F-E7DE-4D73-B0B0-7EE756885699}
		{C17430EF-FBC1-4624-8C2D-DC4F5184A849} = {24C27C52-2158-4E33-8179-45B8C574049A}
		{8CAE8143-EE59-4486-8653-B321D54FE00F} = {24C27C52-2158-4E33-8179-45B8C574049A}
		{B9391AFB-0736-4762-8B40-B8C1F4CBE1B9} = {149A6824-5B59-42CF-BC68-8631A8FE3FBA}
		{17B0ADD3-B36D-4A49-B328-484AD83D72D6} = {C5E7116F-E7DE-4D73-B0B0-7EE756885699}
		{DB869BAA-2E9B-45A4-8B9B-2581D2CA9E09} = {24C27C52-2158-4E33-8179-45B8C574049A}
		{1CBC24D8-FA23-4ED6-9620-C91798E7F083} = {149A6824-5B59-42CF-BC68-8631A8FE3FBA}
		{C1ECCAB8-4DE6-4DD9-8B20-AC3EFBAB2D45} = {149A6824-5B59-42CF-BC68-8631A8FE3FBA}
		{863B71BC-CD0C-4FF4-968B-2F4D2CC66D06} = {149A6824-5B59-42CF-BC68-8631A8FE3FBA}
		{0F1EDC6E-D4B0-480B-9BA6-7AF0CB185B3C} = {225CD039-F4E2-4209-854E-9F34662BDA1E}
		{E123EB2A-696E-4A13-BF8E-BE06533C1E0A} = {225CD039-F4E2-4209-854E-9F34662BDA1E}
		{94BCEE63-F692-4E44-8C53-ED10857FD904} = {225CD039-F4E2-4209-854E-9F34662BDA1E}
		{F487E641-11DD-4CA4-8B90-363367332C24} = {149A6824-5B59-42CF-BC68-8631A8FE3FBA}
	EndGlobalSection
	GlobalSection(ExtensibilityGlobals) = postSolution
		SolutionGuid = {6A53513A-8902-494E-BB0C-3F2AAA7ED6CF}
	EndGlobalSection
EndGlobal
