
Microsoft Visual Studio Solution File, Format Version 12.00
# Visual Studio Version 16
VisualStudioVersion = 16.0.29123.88
MinimumVisualStudioVersion = 10.0.40219.1
Project("{2150E333-8FDC-42A3-9474-1A3956D46DE8}") = "1 Çekirdek", "1 Çekirdek", "{C7CD08D2-BED0-4990-8074-2F08CCD69757}"
EndProject
Project("{2150E333-8FDC-42A3-9474-1A3956D46DE8}") = "2 Altyapı", "2 Altyapı", "{19D28BD3-3C43-45AC-8E0B-322F74FAFCCD}"
EndProject
Project("{2150E333-8FDC-42A3-9474-1A3956D46DE8}") = "3 Gösterim", "3 Gösterim", "{73080000-1A94-407A-ADF2-CA9C2319959C}"
EndProject
Project("{2150E333-8FDC-42A3-9474-1A3956D46DE8}") = "Hizmetler", "Hizmetler", "{24C27C52-2158-4E33-8179-45B8C574049A}"
EndProject
Project("{2150E333-8FDC-42A3-9474-1A3956D46DE8}") = "Mobil", "Mobil", "{225CD039-F4E2-4209-854E-9F34662BDA1E}"
EndProject
Project("{2150E333-8FDC-42A3-9474-1A3956D46DE8}") = "Web", "Web", "{5B613ECB-C454-4B36-A1FB-85EA480F41EE}"
EndProject
Project("{2150E333-8FDC-42A3-9474-1A3956D46DE8}") = "ÇatıDolabı", "ÇatıDolabı", "{149A6824-5B59-42CF-BC68-8631A8FE3FBA}"
	ProjectSection(SolutionItems) = preProject
		ÇatıDolabı\Açıklayıcı Sözlük.txt = ÇatıDolabı\Açıklayıcı Sözlük.txt
		GitHub-Readme-Template.md = GitHub-Readme-Template.md
		ÇatıDolabı\Kod Alanlar.txt = ÇatıDolabı\Kod Alanlar.txt
		Restaurants Listing Loop.txt = Restaurants Listing Loop.txt
		Script1.js = Script1.js
	EndProjectSection
EndProject
Project("{2150E333-8FDC-42A3-9474-1A3956D46DE8}") = "Veri", "Veri", "{C5E7116F-E7DE-4D73-B0B0-7EE756885699}"
EndProject
Project("{9A19103F-16F7-4668-BE54-9A1E7A4F7556}") = "MaliHizmet", "2 Altyapı\Hizmetler\MaliHizmet\MaliHizmet.csproj", "{ECBAB1B9-45A4-4FF4-87AD-0F29EDE3FFCF}"
EndProject
Project("{9A19103F-16F7-4668-BE54-9A1E7A4F7556}") = "ÖnUçİşlemlerHizmet", "2 Altyapı\Hizmetler\ÖnUçİşlemlerHizmet\ÖnUçİşlemlerHizmet.csproj", "{8CAE8143-EE59-4486-8653-B321D54FE00F}"
EndProject
Project("{9A19103F-16F7-4668-BE54-9A1E7A4F7556}") = "PropertiesReplicator", "ÇatıDolabı\PropertiesReplicator\PropertiesReplicator.csproj", "{B9391AFB-0736-4762-8B40-B8C1F4CBE1B9}"
EndProject
Project("{9A19103F-16F7-4668-BE54-9A1E7A4F7556}") = "VeritabanıKuklaProje", "2 Altyapı\Veri\VeritabanıKuklaProje\VeritabanıKuklaProje.csproj", "{17B0ADD3-B36D-4A49-B328-484AD83D72D6}"
EndProject
Project("{9A19103F-16F7-4668-BE54-9A1E7A4F7556}") = "HazırlaSistemBaşlancı", "ÇatıDolabı\BisiparişSistemBaşlancı\HazırlaSistemBaşlancı.csproj", "{1CBC24D8-FA23-4ED6-9620-C91798E7F083}"
EndProject
Project("{9A19103F-16F7-4668-BE54-9A1E7A4F7556}") = "GeneralWebApp", "ÇatıDolabı\GeneralWebApp\GeneralWebApp.csproj", "{863B71BC-CD0C-4FF4-968B-2F4D2CC66D06}"
EndProject
Project("{2150E333-8FDC-42A3-9474-1A3956D46DE8}") = "Solution Items", "Solution Items", "{EBBF9A58-0925-469C-BD9E-8DA240DDA033}"
	ProjectSection(SolutionItems) = preProject
		README.md = README.md
	EndProjectSection
EndProject
Project("{9A19103F-16F7-4668-BE54-9A1E7A4F7556}") = "NumberOfCodeLines", "ÇatıDolabı\NumberOfCodeLines\NumberOfCodeLines.csproj", "{F487E641-11DD-4CA4-8B90-363367332C24}"
EndProject
Project("{9A19103F-16F7-4668-BE54-9A1E7A4F7556}") = "SecureWebApp", "ÇatıDolabı\SecureWebApp\SecureWebApp.csproj", "{09049AD8-EC3A-4D51-974B-2AEF26BDB068}"
EndProject
Project("{9A19103F-16F7-4668-BE54-9A1E7A4F7556}") = "HazırlaÇekirdek", "1 Çekirdek\HazırlaÇekirdek\HazırlaÇekirdek.csproj", "{362E1698-2FF4-4819-BE5F-C560395BE7B7}"
EndProject
Project("{9A19103F-16F7-4668-BE54-9A1E7A4F7556}") = "HazırlaVeriAltYapı", "2 Altyapı\Veri\HazırlaVeriAltYapı\HazırlaVeriAltYapı.csproj", "{6C07D992-13C2-4456-8A51-0CF4409FCA56}"
EndProject
Project("{9A19103F-16F7-4668-BE54-9A1E7A4F7556}") = "ExampleDataLibrary", "ÇatıDolabı\ExampleDataLibrary\ExampleDataLibrary.csproj", "{3F3B42F3-2DA0-4FF4-9947-75489A16A4F2}"
EndProject
Project("{9A19103F-16F7-4668-BE54-9A1E7A4F7556}") = "DummyConsoleApp", "ÇatıDolabı\DummyConsoleApp\DummyConsoleApp.csproj", "{62EFF794-34A5-4596-BF60-8050E075DE3F}"
EndProject
Project("{9A19103F-16F7-4668-BE54-9A1E7A4F7556}") = "ExampleEntityLibrary", "ÇatıDolabı\ExampleEntityLibrary\ExampleEntityLibrary.csproj", "{1CA52C44-A65A-4503-8A89-26C7C78C9A1F}"
EndProject
Project("{9A19103F-16F7-4668-BE54-9A1E7A4F7556}") = "HazırlaLogViewer", "ÇatıDolabı\HazırlaLogViewer\HazırlaLogViewer.csproj", "{358CA5B8-99A6-4802-BB5F-FDB3A428AAD4}"
EndProject
Project("{2150E333-8FDC-42A3-9474-1A3956D46DE8}") = "AppExamples", "AppExamples", "{82B55AC5-2815-453F-9051-2CAF474006E3}"
EndProject
Project("{9A19103F-16F7-4668-BE54-9A1E7A4F7556}") = "Example1App", "..\MobileAppExamples\Example1App\Example1App\Example1App.csproj", "{8E68CD47-2DAE-4F66-B7FA-A4657D793954}"
EndProject
Project("{FAE04EC0-301F-11D3-BF4B-00C04F79EFBC}") = "Example1App.Android", "..\MobileAppExamples\Example1App\Example1App.Android\Example1App.Android.csproj", "{C9F05598-A2E4-41F1-91E1-E426F2A335F2}"
EndProject
Project("{FAE04EC0-301F-11D3-BF4B-00C04F79EFBC}") = "Example1App.iOS", "..\MobileAppExamples\Example1App\Example1App.iOS\Example1App.iOS.csproj", "{A4769565-11FD-4D6B-B617-35A15F188B98}"
EndProject
Project("{9A19103F-16F7-4668-BE54-9A1E7A4F7556}") = "WebAppOnLinux", "ÇatıDolabı\WebAppOnLinux\WebAppOnLinux.csproj", "{903A387A-6ADC-42C3-AD85-200362B39D3E}"
EndProject
Project("{9A19103F-16F7-4668-BE54-9A1E7A4F7556}") = "OlayGünlüğüHizmet", "2 Altyapı\Hizmetler\OlayGünlüğüHizmet\OlayGünlüğüHizmet.csproj", "{B17D234F-4D9E-461A-B139-C76C17BDDBB0}"
EndProject
Project("{9A19103F-16F7-4668-BE54-9A1E7A4F7556}") = "ArkaUçİşlemlerHizmet", "2 Altyapı\Hizmetler\ArkaUçİşlemlerHizmet\ArkaUçİşlemlerHizmet.csproj", "{22B0FE1D-2E44-42A3-9413-C8C8D48BCA1E}"
EndProject
Project("{9A19103F-16F7-4668-BE54-9A1E7A4F7556}") = "GüvenlikHizmet", "2 Altyapı\Hizmetler\GüvenlikHizmet\GüvenlikHizmet.csproj", "{2191D042-9D95-4141-8E2C-7AD0A47A454F}"
EndProject
Project("{9A19103F-16F7-4668-BE54-9A1E7A4F7556}") = "HazırlaWebArkaUç", "3 Gösterim\Web\HazırlaWebArkaUç\HazırlaWebArkaUç.csproj", "{BD4902FD-2F41-45DF-ABF9-FC36F4D9EB60}"
EndProject
Project("{FAE04EC0-301F-11D3-BF4B-00C04F79EFBC}") = "ForTestMobApp.Android", "ÇatıDolabı\ForTestMobApp\ForTestMobApp.Android\ForTestMobApp.Android.csproj", "{D1E25F09-E4AB-492A-BA03-B22D23EC6536}"
EndProject
Project("{FAE04EC0-301F-11D3-BF4B-00C04F79EFBC}") = "ForTestMobApp.iOS", "ÇatıDolabı\ForTestMobApp\ForTestMobApp.iOS\ForTestMobApp.iOS.csproj", "{8115B26B-A70F-4964-8626-03E50109F9DD}"
EndProject
Project("{9A19103F-16F7-4668-BE54-9A1E7A4F7556}") = "ForTestMobApp", "ÇatıDolabı\ForTestMobApp\ForTestMobApp\ForTestMobApp.csproj", "{D4BC759D-F634-403D-A8A7-EF6F300BB44B}"
EndProject
Project("{FAE04EC0-301F-11D3-BF4B-00C04F79EFBC}") = "HazirlaApp.Android", "..\Hazirla V 1_0Alpha06MobilApp\HazirlaApp\HazirlaApp.Android\HazirlaApp.Android.csproj", "{EE62E01B-86E6-4C68-913E-6DE54E41B722}"
EndProject
Project("{FAE04EC0-301F-11D3-BF4B-00C04F79EFBC}") = "HazirlaApp.iOS", "..\Hazirla V 1_0Alpha06MobilApp\HazirlaApp\HazirlaApp.iOS\HazirlaApp.iOS.csproj", "{21C4DBC9-44A2-4BA5-B747-DC92BC9234CF}"
EndProject
Project("{9A19103F-16F7-4668-BE54-9A1E7A4F7556}") = "HazirlaApp", "..\Hazirla V 1_0Alpha06MobilApp\HazirlaApp\HazirlaApp\HazirlaApp.csproj", "{A028DD2D-17F6-41E4-8FAC-EFFDC34CB992}"
EndProject
Global
	GlobalSection(SolutionConfigurationPlatforms) = preSolution
		Debug|Any CPU = Debug|Any CPU
		Debug|iPhone = Debug|iPhone
		Debug|iPhoneSimulator = Debug|iPhoneSimulator
		Release|Any CPU = Release|Any CPU
		Release|iPhone = Release|iPhone
		Release|iPhoneSimulator = Release|iPhoneSimulator
	EndGlobalSection
	GlobalSection(ProjectConfigurationPlatforms) = postSolution
		{ECBAB1B9-45A4-4FF4-87AD-0F29EDE3FFCF}.Debug|Any CPU.ActiveCfg = Debug|Any CPU
		{ECBAB1B9-45A4-4FF4-87AD-0F29EDE3FFCF}.Debug|Any CPU.Build.0 = Debug|Any CPU
		{ECBAB1B9-45A4-4FF4-87AD-0F29EDE3FFCF}.Debug|iPhone.ActiveCfg = Debug|Any CPU
		{ECBAB1B9-45A4-4FF4-87AD-0F29EDE3FFCF}.Debug|iPhone.Build.0 = Debug|Any CPU
		{ECBAB1B9-45A4-4FF4-87AD-0F29EDE3FFCF}.Debug|iPhoneSimulator.ActiveCfg = Debug|Any CPU
		{ECBAB1B9-45A4-4FF4-87AD-0F29EDE3FFCF}.Debug|iPhoneSimulator.Build.0 = Debug|Any CPU
		{ECBAB1B9-45A4-4FF4-87AD-0F29EDE3FFCF}.Release|Any CPU.ActiveCfg = Release|Any CPU
		{ECBAB1B9-45A4-4FF4-87AD-0F29EDE3FFCF}.Release|Any CPU.Build.0 = Release|Any CPU
		{ECBAB1B9-45A4-4FF4-87AD-0F29EDE3FFCF}.Release|iPhone.ActiveCfg = Release|Any CPU
		{ECBAB1B9-45A4-4FF4-87AD-0F29EDE3FFCF}.Release|iPhone.Build.0 = Release|Any CPU
		{ECBAB1B9-45A4-4FF4-87AD-0F29EDE3FFCF}.Release|iPhoneSimulator.ActiveCfg = Release|Any CPU
		{ECBAB1B9-45A4-4FF4-87AD-0F29EDE3FFCF}.Release|iPhoneSimulator.Build.0 = Release|Any CPU
		{8CAE8143-EE59-4486-8653-B321D54FE00F}.Debug|Any CPU.ActiveCfg = Release|Any CPU
		{8CAE8143-EE59-4486-8653-B321D54FE00F}.Debug|Any CPU.Build.0 = Release|Any CPU
		{8CAE8143-EE59-4486-8653-B321D54FE00F}.Debug|iPhone.ActiveCfg = Debug|Any CPU
		{8CAE8143-EE59-4486-8653-B321D54FE00F}.Debug|iPhone.Build.0 = Debug|Any CPU
		{8CAE8143-EE59-4486-8653-B321D54FE00F}.Debug|iPhoneSimulator.ActiveCfg = Debug|Any CPU
		{8CAE8143-EE59-4486-8653-B321D54FE00F}.Debug|iPhoneSimulator.Build.0 = Debug|Any CPU
		{8CAE8143-EE59-4486-8653-B321D54FE00F}.Release|Any CPU.ActiveCfg = Release|Any CPU
		{8CAE8143-EE59-4486-8653-B321D54FE00F}.Release|Any CPU.Build.0 = Release|Any CPU
		{8CAE8143-EE59-4486-8653-B321D54FE00F}.Release|iPhone.ActiveCfg = Release|Any CPU
		{8CAE8143-EE59-4486-8653-B321D54FE00F}.Release|iPhone.Build.0 = Release|Any CPU
		{8CAE8143-EE59-4486-8653-B321D54FE00F}.Release|iPhoneSimulator.ActiveCfg = Release|Any CPU
		{8CAE8143-EE59-4486-8653-B321D54FE00F}.Release|iPhoneSimulator.Build.0 = Release|Any CPU
		{B9391AFB-0736-4762-8B40-B8C1F4CBE1B9}.Debug|Any CPU.ActiveCfg = Debug|Any CPU
		{B9391AFB-0736-4762-8B40-B8C1F4CBE1B9}.Debug|Any CPU.Build.0 = Debug|Any CPU
		{B9391AFB-0736-4762-8B40-B8C1F4CBE1B9}.Debug|iPhone.ActiveCfg = Debug|Any CPU
		{B9391AFB-0736-4762-8B40-B8C1F4CBE1B9}.Debug|iPhone.Build.0 = Debug|Any CPU
		{B9391AFB-0736-4762-8B40-B8C1F4CBE1B9}.Debug|iPhoneSimulator.ActiveCfg = Debug|Any CPU
		{B9391AFB-0736-4762-8B40-B8C1F4CBE1B9}.Debug|iPhoneSimulator.Build.0 = Debug|Any CPU
		{B9391AFB-0736-4762-8B40-B8C1F4CBE1B9}.Release|Any CPU.ActiveCfg = Release|Any CPU
		{B9391AFB-0736-4762-8B40-B8C1F4CBE1B9}.Release|Any CPU.Build.0 = Release|Any CPU
		{B9391AFB-0736-4762-8B40-B8C1F4CBE1B9}.Release|iPhone.ActiveCfg = Release|Any CPU
		{B9391AFB-0736-4762-8B40-B8C1F4CBE1B9}.Release|iPhone.Build.0 = Release|Any CPU
		{B9391AFB-0736-4762-8B40-B8C1F4CBE1B9}.Release|iPhoneSimulator.ActiveCfg = Release|Any CPU
		{B9391AFB-0736-4762-8B40-B8C1F4CBE1B9}.Release|iPhoneSimulator.Build.0 = Release|Any CPU
		{17B0ADD3-B36D-4A49-B328-484AD83D72D6}.Debug|Any CPU.ActiveCfg = Debug|Any CPU
		{17B0ADD3-B36D-4A49-B328-484AD83D72D6}.Debug|Any CPU.Build.0 = Debug|Any CPU
		{17B0ADD3-B36D-4A49-B328-484AD83D72D6}.Debug|iPhone.ActiveCfg = Debug|Any CPU
		{17B0ADD3-B36D-4A49-B328-484AD83D72D6}.Debug|iPhone.Build.0 = Debug|Any CPU
		{17B0ADD3-B36D-4A49-B328-484AD83D72D6}.Debug|iPhoneSimulator.ActiveCfg = Debug|Any CPU
		{17B0ADD3-B36D-4A49-B328-484AD83D72D6}.Debug|iPhoneSimulator.Build.0 = Debug|Any CPU
		{17B0ADD3-B36D-4A49-B328-484AD83D72D6}.Release|Any CPU.ActiveCfg = Release|Any CPU
		{17B0ADD3-B36D-4A49-B328-484AD83D72D6}.Release|Any CPU.Build.0 = Release|Any CPU
		{17B0ADD3-B36D-4A49-B328-484AD83D72D6}.Release|iPhone.ActiveCfg = Release|Any CPU
		{17B0ADD3-B36D-4A49-B328-484AD83D72D6}.Release|iPhone.Build.0 = Release|Any CPU
		{17B0ADD3-B36D-4A49-B328-484AD83D72D6}.Release|iPhoneSimulator.ActiveCfg = Release|Any CPU
		{17B0ADD3-B36D-4A49-B328-484AD83D72D6}.Release|iPhoneSimulator.Build.0 = Release|Any CPU
		{1CBC24D8-FA23-4ED6-9620-C91798E7F083}.Debug|Any CPU.ActiveCfg = Debug|Any CPU
		{1CBC24D8-FA23-4ED6-9620-C91798E7F083}.Debug|Any CPU.Build.0 = Debug|Any CPU
		{1CBC24D8-FA23-4ED6-9620-C91798E7F083}.Debug|iPhone.ActiveCfg = Debug|Any CPU
		{1CBC24D8-FA23-4ED6-9620-C91798E7F083}.Debug|iPhone.Build.0 = Debug|Any CPU
		{1CBC24D8-FA23-4ED6-9620-C91798E7F083}.Debug|iPhoneSimulator.ActiveCfg = Debug|Any CPU
		{1CBC24D8-FA23-4ED6-9620-C91798E7F083}.Debug|iPhoneSimulator.Build.0 = Debug|Any CPU
		{1CBC24D8-FA23-4ED6-9620-C91798E7F083}.Release|Any CPU.ActiveCfg = Release|Any CPU
		{1CBC24D8-FA23-4ED6-9620-C91798E7F083}.Release|Any CPU.Build.0 = Release|Any CPU
		{1CBC24D8-FA23-4ED6-9620-C91798E7F083}.Release|iPhone.ActiveCfg = Release|Any CPU
		{1CBC24D8-FA23-4ED6-9620-C91798E7F083}.Release|iPhone.Build.0 = Release|Any CPU
		{1CBC24D8-FA23-4ED6-9620-C91798E7F083}.Release|iPhoneSimulator.ActiveCfg = Release|Any CPU
		{1CBC24D8-FA23-4ED6-9620-C91798E7F083}.Release|iPhoneSimulator.Build.0 = Release|Any CPU
		{863B71BC-CD0C-4FF4-968B-2F4D2CC66D06}.Debug|Any CPU.ActiveCfg = Debug|Any CPU
		{863B71BC-CD0C-4FF4-968B-2F4D2CC66D06}.Debug|Any CPU.Build.0 = Debug|Any CPU
		{863B71BC-CD0C-4FF4-968B-2F4D2CC66D06}.Debug|iPhone.ActiveCfg = Debug|Any CPU
		{863B71BC-CD0C-4FF4-968B-2F4D2CC66D06}.Debug|iPhone.Build.0 = Debug|Any CPU
		{863B71BC-CD0C-4FF4-968B-2F4D2CC66D06}.Debug|iPhoneSimulator.ActiveCfg = Debug|Any CPU
		{863B71BC-CD0C-4FF4-968B-2F4D2CC66D06}.Debug|iPhoneSimulator.Build.0 = Debug|Any CPU
		{863B71BC-CD0C-4FF4-968B-2F4D2CC66D06}.Release|Any CPU.ActiveCfg = Release|Any CPU
		{863B71BC-CD0C-4FF4-968B-2F4D2CC66D06}.Release|Any CPU.Build.0 = Release|Any CPU
		{863B71BC-CD0C-4FF4-968B-2F4D2CC66D06}.Release|iPhone.ActiveCfg = Release|Any CPU
		{863B71BC-CD0C-4FF4-968B-2F4D2CC66D06}.Release|iPhone.Build.0 = Release|Any CPU
		{863B71BC-CD0C-4FF4-968B-2F4D2CC66D06}.Release|iPhoneSimulator.ActiveCfg = Release|Any CPU
		{863B71BC-CD0C-4FF4-968B-2F4D2CC66D06}.Release|iPhoneSimulator.Build.0 = Release|Any CPU
		{F487E641-11DD-4CA4-8B90-363367332C24}.Debug|Any CPU.ActiveCfg = Debug|Any CPU
		{F487E641-11DD-4CA4-8B90-363367332C24}.Debug|Any CPU.Build.0 = Debug|Any CPU
		{F487E641-11DD-4CA4-8B90-363367332C24}.Debug|iPhone.ActiveCfg = Debug|Any CPU
		{F487E641-11DD-4CA4-8B90-363367332C24}.Debug|iPhone.Build.0 = Debug|Any CPU
		{F487E641-11DD-4CA4-8B90-363367332C24}.Debug|iPhoneSimulator.ActiveCfg = Debug|Any CPU
		{F487E641-11DD-4CA4-8B90-363367332C24}.Debug|iPhoneSimulator.Build.0 = Debug|Any CPU
		{F487E641-11DD-4CA4-8B90-363367332C24}.Release|Any CPU.ActiveCfg = Release|Any CPU
		{F487E641-11DD-4CA4-8B90-363367332C24}.Release|Any CPU.Build.0 = Release|Any CPU
		{F487E641-11DD-4CA4-8B90-363367332C24}.Release|iPhone.ActiveCfg = Release|Any CPU
		{F487E641-11DD-4CA4-8B90-363367332C24}.Release|iPhone.Build.0 = Release|Any CPU
		{F487E641-11DD-4CA4-8B90-363367332C24}.Release|iPhoneSimulator.ActiveCfg = Release|Any CPU
		{F487E641-11DD-4CA4-8B90-363367332C24}.Release|iPhoneSimulator.Build.0 = Release|Any CPU
		{09049AD8-EC3A-4D51-974B-2AEF26BDB068}.Debug|Any CPU.ActiveCfg = Debug|Any CPU
		{09049AD8-EC3A-4D51-974B-2AEF26BDB068}.Debug|Any CPU.Build.0 = Debug|Any CPU
		{09049AD8-EC3A-4D51-974B-2AEF26BDB068}.Debug|iPhone.ActiveCfg = Debug|Any CPU
		{09049AD8-EC3A-4D51-974B-2AEF26BDB068}.Debug|iPhone.Build.0 = Debug|Any CPU
		{09049AD8-EC3A-4D51-974B-2AEF26BDB068}.Debug|iPhoneSimulator.ActiveCfg = Debug|Any CPU
		{09049AD8-EC3A-4D51-974B-2AEF26BDB068}.Debug|iPhoneSimulator.Build.0 = Debug|Any CPU
		{09049AD8-EC3A-4D51-974B-2AEF26BDB068}.Release|Any CPU.ActiveCfg = Release|Any CPU
		{09049AD8-EC3A-4D51-974B-2AEF26BDB068}.Release|Any CPU.Build.0 = Release|Any CPU
		{09049AD8-EC3A-4D51-974B-2AEF26BDB068}.Release|iPhone.ActiveCfg = Release|Any CPU
		{09049AD8-EC3A-4D51-974B-2AEF26BDB068}.Release|iPhone.Build.0 = Release|Any CPU
		{09049AD8-EC3A-4D51-974B-2AEF26BDB068}.Release|iPhoneSimulator.ActiveCfg = Release|Any CPU
		{09049AD8-EC3A-4D51-974B-2AEF26BDB068}.Release|iPhoneSimulator.Build.0 = Release|Any CPU
		{362E1698-2FF4-4819-BE5F-C560395BE7B7}.Debug|Any CPU.ActiveCfg = Release|Any CPU
		{362E1698-2FF4-4819-BE5F-C560395BE7B7}.Debug|Any CPU.Build.0 = Release|Any CPU
		{362E1698-2FF4-4819-BE5F-C560395BE7B7}.Debug|iPhone.ActiveCfg = Debug|Any CPU
		{362E1698-2FF4-4819-BE5F-C560395BE7B7}.Debug|iPhone.Build.0 = Debug|Any CPU
		{362E1698-2FF4-4819-BE5F-C560395BE7B7}.Debug|iPhoneSimulator.ActiveCfg = Debug|Any CPU
		{362E1698-2FF4-4819-BE5F-C560395BE7B7}.Debug|iPhoneSimulator.Build.0 = Debug|Any CPU
		{362E1698-2FF4-4819-BE5F-C560395BE7B7}.Release|Any CPU.ActiveCfg = Release|Any CPU
		{362E1698-2FF4-4819-BE5F-C560395BE7B7}.Release|Any CPU.Build.0 = Release|Any CPU
		{362E1698-2FF4-4819-BE5F-C560395BE7B7}.Release|iPhone.ActiveCfg = Release|Any CPU
		{362E1698-2FF4-4819-BE5F-C560395BE7B7}.Release|iPhone.Build.0 = Release|Any CPU
		{362E1698-2FF4-4819-BE5F-C560395BE7B7}.Release|iPhoneSimulator.ActiveCfg = Release|Any CPU
		{362E1698-2FF4-4819-BE5F-C560395BE7B7}.Release|iPhoneSimulator.Build.0 = Release|Any CPU
		{6C07D992-13C2-4456-8A51-0CF4409FCA56}.Debug|Any CPU.ActiveCfg = Release|Any CPU
		{6C07D992-13C2-4456-8A51-0CF4409FCA56}.Debug|Any CPU.Build.0 = Release|Any CPU
		{6C07D992-13C2-4456-8A51-0CF4409FCA56}.Debug|iPhone.ActiveCfg = Debug|Any CPU
		{6C07D992-13C2-4456-8A51-0CF4409FCA56}.Debug|iPhone.Build.0 = Debug|Any CPU
		{6C07D992-13C2-4456-8A51-0CF4409FCA56}.Debug|iPhoneSimulator.ActiveCfg = Debug|Any CPU
		{6C07D992-13C2-4456-8A51-0CF4409FCA56}.Debug|iPhoneSimulator.Build.0 = Debug|Any CPU
		{6C07D992-13C2-4456-8A51-0CF4409FCA56}.Release|Any CPU.ActiveCfg = Release|Any CPU
		{6C07D992-13C2-4456-8A51-0CF4409FCA56}.Release|Any CPU.Build.0 = Release|Any CPU
		{6C07D992-13C2-4456-8A51-0CF4409FCA56}.Release|iPhone.ActiveCfg = Release|Any CPU
		{6C07D992-13C2-4456-8A51-0CF4409FCA56}.Release|iPhone.Build.0 = Release|Any CPU
		{6C07D992-13C2-4456-8A51-0CF4409FCA56}.Release|iPhoneSimulator.ActiveCfg = Release|Any CPU
		{6C07D992-13C2-4456-8A51-0CF4409FCA56}.Release|iPhoneSimulator.Build.0 = Release|Any CPU
		{3F3B42F3-2DA0-4FF4-9947-75489A16A4F2}.Debug|Any CPU.ActiveCfg = Debug|Any CPU
		{3F3B42F3-2DA0-4FF4-9947-75489A16A4F2}.Debug|Any CPU.Build.0 = Debug|Any CPU
		{3F3B42F3-2DA0-4FF4-9947-75489A16A4F2}.Debug|iPhone.ActiveCfg = Debug|Any CPU
		{3F3B42F3-2DA0-4FF4-9947-75489A16A4F2}.Debug|iPhone.Build.0 = Debug|Any CPU
		{3F3B42F3-2DA0-4FF4-9947-75489A16A4F2}.Debug|iPhoneSimulator.ActiveCfg = Debug|Any CPU
		{3F3B42F3-2DA0-4FF4-9947-75489A16A4F2}.Debug|iPhoneSimulator.Build.0 = Debug|Any CPU
		{3F3B42F3-2DA0-4FF4-9947-75489A16A4F2}.Release|Any CPU.ActiveCfg = Release|Any CPU
		{3F3B42F3-2DA0-4FF4-9947-75489A16A4F2}.Release|Any CPU.Build.0 = Release|Any CPU
		{3F3B42F3-2DA0-4FF4-9947-75489A16A4F2}.Release|iPhone.ActiveCfg = Release|Any CPU
		{3F3B42F3-2DA0-4FF4-9947-75489A16A4F2}.Release|iPhone.Build.0 = Release|Any CPU
		{3F3B42F3-2DA0-4FF4-9947-75489A16A4F2}.Release|iPhoneSimulator.ActiveCfg = Release|Any CPU
		{3F3B42F3-2DA0-4FF4-9947-75489A16A4F2}.Release|iPhoneSimulator.Build.0 = Release|Any CPU
		{62EFF794-34A5-4596-BF60-8050E075DE3F}.Debug|Any CPU.ActiveCfg = Debug|Any CPU
		{62EFF794-34A5-4596-BF60-8050E075DE3F}.Debug|Any CPU.Build.0 = Debug|Any CPU
		{62EFF794-34A5-4596-BF60-8050E075DE3F}.Debug|iPhone.ActiveCfg = Debug|Any CPU
		{62EFF794-34A5-4596-BF60-8050E075DE3F}.Debug|iPhone.Build.0 = Debug|Any CPU
		{62EFF794-34A5-4596-BF60-8050E075DE3F}.Debug|iPhoneSimulator.ActiveCfg = Debug|Any CPU
		{62EFF794-34A5-4596-BF60-8050E075DE3F}.Debug|iPhoneSimulator.Build.0 = Debug|Any CPU
		{62EFF794-34A5-4596-BF60-8050E075DE3F}.Release|Any CPU.ActiveCfg = Release|Any CPU
		{62EFF794-34A5-4596-BF60-8050E075DE3F}.Release|Any CPU.Build.0 = Release|Any CPU
		{62EFF794-34A5-4596-BF60-8050E075DE3F}.Release|iPhone.ActiveCfg = Release|Any CPU
		{62EFF794-34A5-4596-BF60-8050E075DE3F}.Release|iPhone.Build.0 = Release|Any CPU
		{62EFF794-34A5-4596-BF60-8050E075DE3F}.Release|iPhoneSimulator.ActiveCfg = Release|Any CPU
		{62EFF794-34A5-4596-BF60-8050E075DE3F}.Release|iPhoneSimulator.Build.0 = Release|Any CPU
		{1CA52C44-A65A-4503-8A89-26C7C78C9A1F}.Debug|Any CPU.ActiveCfg = Debug|Any CPU
		{1CA52C44-A65A-4503-8A89-26C7C78C9A1F}.Debug|Any CPU.Build.0 = Debug|Any CPU
		{1CA52C44-A65A-4503-8A89-26C7C78C9A1F}.Debug|iPhone.ActiveCfg = Debug|Any CPU
		{1CA52C44-A65A-4503-8A89-26C7C78C9A1F}.Debug|iPhone.Build.0 = Debug|Any CPU
		{1CA52C44-A65A-4503-8A89-26C7C78C9A1F}.Debug|iPhoneSimulator.ActiveCfg = Debug|Any CPU
		{1CA52C44-A65A-4503-8A89-26C7C78C9A1F}.Debug|iPhoneSimulator.Build.0 = Debug|Any CPU
		{1CA52C44-A65A-4503-8A89-26C7C78C9A1F}.Release|Any CPU.ActiveCfg = Release|Any CPU
		{1CA52C44-A65A-4503-8A89-26C7C78C9A1F}.Release|Any CPU.Build.0 = Release|Any CPU
		{1CA52C44-A65A-4503-8A89-26C7C78C9A1F}.Release|iPhone.ActiveCfg = Release|Any CPU
		{1CA52C44-A65A-4503-8A89-26C7C78C9A1F}.Release|iPhone.Build.0 = Release|Any CPU
		{1CA52C44-A65A-4503-8A89-26C7C78C9A1F}.Release|iPhoneSimulator.ActiveCfg = Release|Any CPU
		{1CA52C44-A65A-4503-8A89-26C7C78C9A1F}.Release|iPhoneSimulator.Build.0 = Release|Any CPU
		{358CA5B8-99A6-4802-BB5F-FDB3A428AAD4}.Debug|Any CPU.ActiveCfg = Debug|Any CPU
		{358CA5B8-99A6-4802-BB5F-FDB3A428AAD4}.Debug|Any CPU.Build.0 = Debug|Any CPU
		{358CA5B8-99A6-4802-BB5F-FDB3A428AAD4}.Debug|iPhone.ActiveCfg = Debug|Any CPU
		{358CA5B8-99A6-4802-BB5F-FDB3A428AAD4}.Debug|iPhone.Build.0 = Debug|Any CPU
		{358CA5B8-99A6-4802-BB5F-FDB3A428AAD4}.Debug|iPhoneSimulator.ActiveCfg = Debug|Any CPU
		{358CA5B8-99A6-4802-BB5F-FDB3A428AAD4}.Debug|iPhoneSimulator.Build.0 = Debug|Any CPU
		{358CA5B8-99A6-4802-BB5F-FDB3A428AAD4}.Release|Any CPU.ActiveCfg = Release|Any CPU
		{358CA5B8-99A6-4802-BB5F-FDB3A428AAD4}.Release|Any CPU.Build.0 = Release|Any CPU
		{358CA5B8-99A6-4802-BB5F-FDB3A428AAD4}.Release|iPhone.ActiveCfg = Release|Any CPU
		{358CA5B8-99A6-4802-BB5F-FDB3A428AAD4}.Release|iPhone.Build.0 = Release|Any CPU
		{358CA5B8-99A6-4802-BB5F-FDB3A428AAD4}.Release|iPhoneSimulator.ActiveCfg = Release|Any CPU
		{358CA5B8-99A6-4802-BB5F-FDB3A428AAD4}.Release|iPhoneSimulator.Build.0 = Release|Any CPU
		{8E68CD47-2DAE-4F66-B7FA-A4657D793954}.Debug|Any CPU.ActiveCfg = Debug|Any CPU
		{8E68CD47-2DAE-4F66-B7FA-A4657D793954}.Debug|Any CPU.Build.0 = Debug|Any CPU
		{8E68CD47-2DAE-4F66-B7FA-A4657D793954}.Debug|iPhone.ActiveCfg = Debug|Any CPU
		{8E68CD47-2DAE-4F66-B7FA-A4657D793954}.Debug|iPhone.Build.0 = Debug|Any CPU
		{8E68CD47-2DAE-4F66-B7FA-A4657D793954}.Debug|iPhoneSimulator.ActiveCfg = Debug|Any CPU
		{8E68CD47-2DAE-4F66-B7FA-A4657D793954}.Debug|iPhoneSimulator.Build.0 = Debug|Any CPU
		{8E68CD47-2DAE-4F66-B7FA-A4657D793954}.Release|Any CPU.ActiveCfg = Release|Any CPU
		{8E68CD47-2DAE-4F66-B7FA-A4657D793954}.Release|Any CPU.Build.0 = Release|Any CPU
		{8E68CD47-2DAE-4F66-B7FA-A4657D793954}.Release|iPhone.ActiveCfg = Release|Any CPU
		{8E68CD47-2DAE-4F66-B7FA-A4657D793954}.Release|iPhone.Build.0 = Release|Any CPU
		{8E68CD47-2DAE-4F66-B7FA-A4657D793954}.Release|iPhoneSimulator.ActiveCfg = Release|Any CPU
		{8E68CD47-2DAE-4F66-B7FA-A4657D793954}.Release|iPhoneSimulator.Build.0 = Release|Any CPU
		{C9F05598-A2E4-41F1-91E1-E426F2A335F2}.Debug|Any CPU.ActiveCfg = Debug|Any CPU
		{C9F05598-A2E4-41F1-91E1-E426F2A335F2}.Debug|Any CPU.Build.0 = Debug|Any CPU
		{C9F05598-A2E4-41F1-91E1-E426F2A335F2}.Debug|Any CPU.Deploy.0 = Debug|Any CPU
		{C9F05598-A2E4-41F1-91E1-E426F2A335F2}.Debug|iPhone.ActiveCfg = Debug|Any CPU
		{C9F05598-A2E4-41F1-91E1-E426F2A335F2}.Debug|iPhone.Build.0 = Debug|Any CPU
		{C9F05598-A2E4-41F1-91E1-E426F2A335F2}.Debug|iPhone.Deploy.0 = Debug|Any CPU
		{C9F05598-A2E4-41F1-91E1-E426F2A335F2}.Debug|iPhoneSimulator.ActiveCfg = Debug|Any CPU
		{C9F05598-A2E4-41F1-91E1-E426F2A335F2}.Debug|iPhoneSimulator.Build.0 = Debug|Any CPU
		{C9F05598-A2E4-41F1-91E1-E426F2A335F2}.Debug|iPhoneSimulator.Deploy.0 = Debug|Any CPU
		{C9F05598-A2E4-41F1-91E1-E426F2A335F2}.Release|Any CPU.ActiveCfg = Release|Any CPU
		{C9F05598-A2E4-41F1-91E1-E426F2A335F2}.Release|Any CPU.Build.0 = Release|Any CPU
		{C9F05598-A2E4-41F1-91E1-E426F2A335F2}.Release|Any CPU.Deploy.0 = Release|Any CPU
		{C9F05598-A2E4-41F1-91E1-E426F2A335F2}.Release|iPhone.ActiveCfg = Release|Any CPU
		{C9F05598-A2E4-41F1-91E1-E426F2A335F2}.Release|iPhone.Build.0 = Release|Any CPU
		{C9F05598-A2E4-41F1-91E1-E426F2A335F2}.Release|iPhone.Deploy.0 = Release|Any CPU
		{C9F05598-A2E4-41F1-91E1-E426F2A335F2}.Release|iPhoneSimulator.ActiveCfg = Release|Any CPU
		{C9F05598-A2E4-41F1-91E1-E426F2A335F2}.Release|iPhoneSimulator.Build.0 = Release|Any CPU
		{C9F05598-A2E4-41F1-91E1-E426F2A335F2}.Release|iPhoneSimulator.Deploy.0 = Release|Any CPU
		{A4769565-11FD-4D6B-B617-35A15F188B98}.Debug|Any CPU.ActiveCfg = Debug|iPhone
		{A4769565-11FD-4D6B-B617-35A15F188B98}.Debug|iPhone.ActiveCfg = Debug|iPhone
		{A4769565-11FD-4D6B-B617-35A15F188B98}.Debug|iPhone.Build.0 = Debug|iPhone
		{A4769565-11FD-4D6B-B617-35A15F188B98}.Debug|iPhoneSimulator.ActiveCfg = Debug|iPhoneSimulator
		{A4769565-11FD-4D6B-B617-35A15F188B98}.Debug|iPhoneSimulator.Build.0 = Debug|iPhoneSimulator
		{A4769565-11FD-4D6B-B617-35A15F188B98}.Release|Any CPU.ActiveCfg = Release|iPhone
		{A4769565-11FD-4D6B-B617-35A15F188B98}.Release|iPhone.ActiveCfg = Release|iPhone
		{A4769565-11FD-4D6B-B617-35A15F188B98}.Release|iPhone.Build.0 = Release|iPhone
		{A4769565-11FD-4D6B-B617-35A15F188B98}.Release|iPhoneSimulator.ActiveCfg = Release|iPhoneSimulator
		{A4769565-11FD-4D6B-B617-35A15F188B98}.Release|iPhoneSimulator.Build.0 = Release|iPhoneSimulator
		{903A387A-6ADC-42C3-AD85-200362B39D3E}.Debug|Any CPU.ActiveCfg = Debug|Any CPU
		{903A387A-6ADC-42C3-AD85-200362B39D3E}.Debug|Any CPU.Build.0 = Debug|Any CPU
		{903A387A-6ADC-42C3-AD85-200362B39D3E}.Debug|iPhone.ActiveCfg = Debug|Any CPU
		{903A387A-6ADC-42C3-AD85-200362B39D3E}.Debug|iPhone.Build.0 = Debug|Any CPU
		{903A387A-6ADC-42C3-AD85-200362B39D3E}.Debug|iPhoneSimulator.ActiveCfg = Debug|Any CPU
		{903A387A-6ADC-42C3-AD85-200362B39D3E}.Debug|iPhoneSimulator.Build.0 = Debug|Any CPU
		{903A387A-6ADC-42C3-AD85-200362B39D3E}.Release|Any CPU.ActiveCfg = Release|Any CPU
		{903A387A-6ADC-42C3-AD85-200362B39D3E}.Release|Any CPU.Build.0 = Release|Any CPU
		{903A387A-6ADC-42C3-AD85-200362B39D3E}.Release|iPhone.ActiveCfg = Release|Any CPU
		{903A387A-6ADC-42C3-AD85-200362B39D3E}.Release|iPhone.Build.0 = Release|Any CPU
		{903A387A-6ADC-42C3-AD85-200362B39D3E}.Release|iPhoneSimulator.ActiveCfg = Release|Any CPU
		{903A387A-6ADC-42C3-AD85-200362B39D3E}.Release|iPhoneSimulator.Build.0 = Release|Any CPU
		{B17D234F-4D9E-461A-B139-C76C17BDDBB0}.Debug|Any CPU.ActiveCfg = Release|Any CPU
		{B17D234F-4D9E-461A-B139-C76C17BDDBB0}.Debug|Any CPU.Build.0 = Release|Any CPU
		{B17D234F-4D9E-461A-B139-C76C17BDDBB0}.Debug|iPhone.ActiveCfg = Debug|Any CPU
		{B17D234F-4D9E-461A-B139-C76C17BDDBB0}.Debug|iPhone.Build.0 = Debug|Any CPU
		{B17D234F-4D9E-461A-B139-C76C17BDDBB0}.Debug|iPhoneSimulator.ActiveCfg = Debug|Any CPU
		{B17D234F-4D9E-461A-B139-C76C17BDDBB0}.Debug|iPhoneSimulator.Build.0 = Debug|Any CPU
		{B17D234F-4D9E-461A-B139-C76C17BDDBB0}.Release|Any CPU.ActiveCfg = Release|Any CPU
		{B17D234F-4D9E-461A-B139-C76C17BDDBB0}.Release|Any CPU.Build.0 = Release|Any CPU
		{B17D234F-4D9E-461A-B139-C76C17BDDBB0}.Release|iPhone.ActiveCfg = Release|Any CPU
		{B17D234F-4D9E-461A-B139-C76C17BDDBB0}.Release|iPhone.Build.0 = Release|Any CPU
		{B17D234F-4D9E-461A-B139-C76C17BDDBB0}.Release|iPhoneSimulator.ActiveCfg = Release|Any CPU
		{B17D234F-4D9E-461A-B139-C76C17BDDBB0}.Release|iPhoneSimulator.Build.0 = Release|Any CPU
		{22B0FE1D-2E44-42A3-9413-C8C8D48BCA1E}.Debug|Any CPU.ActiveCfg = Release|Any CPU
		{22B0FE1D-2E44-42A3-9413-C8C8D48BCA1E}.Debug|Any CPU.Build.0 = Release|Any CPU
		{22B0FE1D-2E44-42A3-9413-C8C8D48BCA1E}.Debug|iPhone.ActiveCfg = Debug|Any CPU
		{22B0FE1D-2E44-42A3-9413-C8C8D48BCA1E}.Debug|iPhone.Build.0 = Debug|Any CPU
		{22B0FE1D-2E44-42A3-9413-C8C8D48BCA1E}.Debug|iPhoneSimulator.ActiveCfg = Debug|Any CPU
		{22B0FE1D-2E44-42A3-9413-C8C8D48BCA1E}.Debug|iPhoneSimulator.Build.0 = Debug|Any CPU
		{22B0FE1D-2E44-42A3-9413-C8C8D48BCA1E}.Release|Any CPU.ActiveCfg = Release|Any CPU
		{22B0FE1D-2E44-42A3-9413-C8C8D48BCA1E}.Release|Any CPU.Build.0 = Release|Any CPU
		{22B0FE1D-2E44-42A3-9413-C8C8D48BCA1E}.Release|iPhone.ActiveCfg = Release|Any CPU
		{22B0FE1D-2E44-42A3-9413-C8C8D48BCA1E}.Release|iPhone.Build.0 = Release|Any CPU
		{22B0FE1D-2E44-42A3-9413-C8C8D48BCA1E}.Release|iPhoneSimulator.ActiveCfg = Release|Any CPU
		{22B0FE1D-2E44-42A3-9413-C8C8D48BCA1E}.Release|iPhoneSimulator.Build.0 = Release|Any CPU
		{2191D042-9D95-4141-8E2C-7AD0A47A454F}.Debug|Any CPU.ActiveCfg = Release|Any CPU
		{2191D042-9D95-4141-8E2C-7AD0A47A454F}.Debug|Any CPU.Build.0 = Release|Any CPU
		{2191D042-9D95-4141-8E2C-7AD0A47A454F}.Debug|iPhone.ActiveCfg = Debug|Any CPU
		{2191D042-9D95-4141-8E2C-7AD0A47A454F}.Debug|iPhone.Build.0 = Debug|Any CPU
		{2191D042-9D95-4141-8E2C-7AD0A47A454F}.Debug|iPhoneSimulator.ActiveCfg = Debug|Any CPU
		{2191D042-9D95-4141-8E2C-7AD0A47A454F}.Debug|iPhoneSimulator.Build.0 = Debug|Any CPU
		{2191D042-9D95-4141-8E2C-7AD0A47A454F}.Release|Any CPU.ActiveCfg = Release|Any CPU
		{2191D042-9D95-4141-8E2C-7AD0A47A454F}.Release|Any CPU.Build.0 = Release|Any CPU
		{2191D042-9D95-4141-8E2C-7AD0A47A454F}.Release|iPhone.ActiveCfg = Release|Any CPU
		{2191D042-9D95-4141-8E2C-7AD0A47A454F}.Release|iPhone.Build.0 = Release|Any CPU
		{2191D042-9D95-4141-8E2C-7AD0A47A454F}.Release|iPhoneSimulator.ActiveCfg = Release|Any CPU
		{2191D042-9D95-4141-8E2C-7AD0A47A454F}.Release|iPhoneSimulator.Build.0 = Release|Any CPU
		{BD4902FD-2F41-45DF-ABF9-FC36F4D9EB60}.Debug|Any CPU.ActiveCfg = Release|Any CPU
		{BD4902FD-2F41-45DF-ABF9-FC36F4D9EB60}.Debug|Any CPU.Build.0 = Release|Any CPU
		{BD4902FD-2F41-45DF-ABF9-FC36F4D9EB60}.Debug|iPhone.ActiveCfg = Debug|Any CPU
		{BD4902FD-2F41-45DF-ABF9-FC36F4D9EB60}.Debug|iPhone.Build.0 = Debug|Any CPU
		{BD4902FD-2F41-45DF-ABF9-FC36F4D9EB60}.Debug|iPhoneSimulator.ActiveCfg = Debug|Any CPU
		{BD4902FD-2F41-45DF-ABF9-FC36F4D9EB60}.Debug|iPhoneSimulator.Build.0 = Debug|Any CPU
		{BD4902FD-2F41-45DF-ABF9-FC36F4D9EB60}.Release|Any CPU.ActiveCfg = Release|Any CPU
		{BD4902FD-2F41-45DF-ABF9-FC36F4D9EB60}.Release|Any CPU.Build.0 = Release|Any CPU
		{BD4902FD-2F41-45DF-ABF9-FC36F4D9EB60}.Release|iPhone.ActiveCfg = Release|Any CPU
		{BD4902FD-2F41-45DF-ABF9-FC36F4D9EB60}.Release|iPhone.Build.0 = Release|Any CPU
		{BD4902FD-2F41-45DF-ABF9-FC36F4D9EB60}.Release|iPhoneSimulator.ActiveCfg = Release|Any CPU
		{BD4902FD-2F41-45DF-ABF9-FC36F4D9EB60}.Release|iPhoneSimulator.Build.0 = Release|Any CPU
		{D1E25F09-E4AB-492A-BA03-B22D23EC6536}.Debug|Any CPU.ActiveCfg = Debug|Any CPU
		{D1E25F09-E4AB-492A-BA03-B22D23EC6536}.Debug|Any CPU.Build.0 = Debug|Any CPU
		{D1E25F09-E4AB-492A-BA03-B22D23EC6536}.Debug|Any CPU.Deploy.0 = Debug|Any CPU
		{D1E25F09-E4AB-492A-BA03-B22D23EC6536}.Debug|iPhone.ActiveCfg = Debug|Any CPU
		{D1E25F09-E4AB-492A-BA03-B22D23EC6536}.Debug|iPhone.Build.0 = Debug|Any CPU
		{D1E25F09-E4AB-492A-BA03-B22D23EC6536}.Debug|iPhone.Deploy.0 = Debug|Any CPU
		{D1E25F09-E4AB-492A-BA03-B22D23EC6536}.Debug|iPhoneSimulator.ActiveCfg = Debug|Any CPU
		{D1E25F09-E4AB-492A-BA03-B22D23EC6536}.Debug|iPhoneSimulator.Build.0 = Debug|Any CPU
		{D1E25F09-E4AB-492A-BA03-B22D23EC6536}.Debug|iPhoneSimulator.Deploy.0 = Debug|Any CPU
		{D1E25F09-E4AB-492A-BA03-B22D23EC6536}.Release|Any CPU.ActiveCfg = Release|Any CPU
		{D1E25F09-E4AB-492A-BA03-B22D23EC6536}.Release|Any CPU.Build.0 = Release|Any CPU
		{D1E25F09-E4AB-492A-BA03-B22D23EC6536}.Release|Any CPU.Deploy.0 = Release|Any CPU
		{D1E25F09-E4AB-492A-BA03-B22D23EC6536}.Release|iPhone.ActiveCfg = Release|Any CPU
		{D1E25F09-E4AB-492A-BA03-B22D23EC6536}.Release|iPhone.Build.0 = Release|Any CPU
		{D1E25F09-E4AB-492A-BA03-B22D23EC6536}.Release|iPhone.Deploy.0 = Release|Any CPU
		{D1E25F09-E4AB-492A-BA03-B22D23EC6536}.Release|iPhoneSimulator.ActiveCfg = Release|Any CPU
		{D1E25F09-E4AB-492A-BA03-B22D23EC6536}.Release|iPhoneSimulator.Build.0 = Release|Any CPU
		{D1E25F09-E4AB-492A-BA03-B22D23EC6536}.Release|iPhoneSimulator.Deploy.0 = Release|Any CPU
		{8115B26B-A70F-4964-8626-03E50109F9DD}.Debug|Any CPU.ActiveCfg = Debug|iPhone
		{8115B26B-A70F-4964-8626-03E50109F9DD}.Debug|iPhone.ActiveCfg = Debug|iPhone
		{8115B26B-A70F-4964-8626-03E50109F9DD}.Debug|iPhone.Build.0 = Debug|iPhone
		{8115B26B-A70F-4964-8626-03E50109F9DD}.Debug|iPhoneSimulator.ActiveCfg = Debug|iPhoneSimulator
		{8115B26B-A70F-4964-8626-03E50109F9DD}.Debug|iPhoneSimulator.Build.0 = Debug|iPhoneSimulator
		{8115B26B-A70F-4964-8626-03E50109F9DD}.Release|Any CPU.ActiveCfg = Release|iPhone
		{8115B26B-A70F-4964-8626-03E50109F9DD}.Release|iPhone.ActiveCfg = Release|iPhone
		{8115B26B-A70F-4964-8626-03E50109F9DD}.Release|iPhone.Build.0 = Release|iPhone
		{8115B26B-A70F-4964-8626-03E50109F9DD}.Release|iPhoneSimulator.ActiveCfg = Release|iPhoneSimulator
		{8115B26B-A70F-4964-8626-03E50109F9DD}.Release|iPhoneSimulator.Build.0 = Release|iPhoneSimulator
		{D4BC759D-F634-403D-A8A7-EF6F300BB44B}.Debug|Any CPU.ActiveCfg = Debug|Any CPU
		{D4BC759D-F634-403D-A8A7-EF6F300BB44B}.Debug|Any CPU.Build.0 = Debug|Any CPU
		{D4BC759D-F634-403D-A8A7-EF6F300BB44B}.Debug|iPhone.ActiveCfg = Debug|Any CPU
		{D4BC759D-F634-403D-A8A7-EF6F300BB44B}.Debug|iPhone.Build.0 = Debug|Any CPU
		{D4BC759D-F634-403D-A8A7-EF6F300BB44B}.Debug|iPhoneSimulator.ActiveCfg = Debug|Any CPU
		{D4BC759D-F634-403D-A8A7-EF6F300BB44B}.Debug|iPhoneSimulator.Build.0 = Debug|Any CPU
		{D4BC759D-F634-403D-A8A7-EF6F300BB44B}.Release|Any CPU.ActiveCfg = Release|Any CPU
		{D4BC759D-F634-403D-A8A7-EF6F300BB44B}.Release|Any CPU.Build.0 = Release|Any CPU
		{D4BC759D-F634-403D-A8A7-EF6F300BB44B}.Release|iPhone.ActiveCfg = Release|Any CPU
		{D4BC759D-F634-403D-A8A7-EF6F300BB44B}.Release|iPhone.Build.0 = Release|Any CPU
		{D4BC759D-F634-403D-A8A7-EF6F300BB44B}.Release|iPhoneSimulator.ActiveCfg = Release|Any CPU
		{D4BC759D-F634-403D-A8A7-EF6F300BB44B}.Release|iPhoneSimulator.Build.0 = Release|Any CPU
		{EE62E01B-86E6-4C68-913E-6DE54E41B722}.Debug|Any CPU.ActiveCfg = Release|Any CPU
		{EE62E01B-86E6-4C68-913E-6DE54E41B722}.Debug|Any CPU.Build.0 = Release|Any CPU
		{EE62E01B-86E6-4C68-913E-6DE54E41B722}.Debug|Any CPU.Deploy.0 = Release|Any CPU
		{EE62E01B-86E6-4C68-913E-6DE54E41B722}.Debug|iPhone.ActiveCfg = Debug|Any CPU
		{EE62E01B-86E6-4C68-913E-6DE54E41B722}.Debug|iPhone.Build.0 = Debug|Any CPU
		{EE62E01B-86E6-4C68-913E-6DE54E41B722}.Debug|iPhone.Deploy.0 = Debug|Any CPU
		{EE62E01B-86E6-4C68-913E-6DE54E41B722}.Debug|iPhoneSimulator.ActiveCfg = Debug|Any CPU
		{EE62E01B-86E6-4C68-913E-6DE54E41B722}.Debug|iPhoneSimulator.Build.0 = Debug|Any CPU
		{EE62E01B-86E6-4C68-913E-6DE54E41B722}.Debug|iPhoneSimulator.Deploy.0 = Debug|Any CPU
		{EE62E01B-86E6-4C68-913E-6DE54E41B722}.Release|Any CPU.ActiveCfg = Release|Any CPU
		{EE62E01B-86E6-4C68-913E-6DE54E41B722}.Release|Any CPU.Build.0 = Release|Any CPU
		{EE62E01B-86E6-4C68-913E-6DE54E41B722}.Release|Any CPU.Deploy.0 = Release|Any CPU
		{EE62E01B-86E6-4C68-913E-6DE54E41B722}.Release|iPhone.ActiveCfg = Release|Any CPU
		{EE62E01B-86E6-4C68-913E-6DE54E41B722}.Release|iPhone.Build.0 = Release|Any CPU
		{EE62E01B-86E6-4C68-913E-6DE54E41B722}.Release|iPhone.Deploy.0 = Release|Any CPU
		{EE62E01B-86E6-4C68-913E-6DE54E41B722}.Release|iPhoneSimulator.ActiveCfg = Release|Any CPU
		{EE62E01B-86E6-4C68-913E-6DE54E41B722}.Release|iPhoneSimulator.Build.0 = Release|Any CPU
		{EE62E01B-86E6-4C68-913E-6DE54E41B722}.Release|iPhoneSimulator.Deploy.0 = Release|Any CPU
		{21C4DBC9-44A2-4BA5-B747-DC92BC9234CF}.Debug|Any CPU.ActiveCfg = Release|iPhone
		{21C4DBC9-44A2-4BA5-B747-DC92BC9234CF}.Debug|iPhone.ActiveCfg = Debug|iPhone
		{21C4DBC9-44A2-4BA5-B747-DC92BC9234CF}.Debug|iPhone.Build.0 = Debug|iPhone
		{21C4DBC9-44A2-4BA5-B747-DC92BC9234CF}.Debug|iPhoneSimulator.ActiveCfg = Debug|iPhoneSimulator
		{21C4DBC9-44A2-4BA5-B747-DC92BC9234CF}.Debug|iPhoneSimulator.Build.0 = Debug|iPhoneSimulator
		{21C4DBC9-44A2-4BA5-B747-DC92BC9234CF}.Release|Any CPU.ActiveCfg = Release|iPhone
		{21C4DBC9-44A2-4BA5-B747-DC92BC9234CF}.Release|iPhone.ActiveCfg = Release|iPhone
		{21C4DBC9-44A2-4BA5-B747-DC92BC9234CF}.Release|iPhone.Build.0 = Release|iPhone
		{21C4DBC9-44A2-4BA5-B747-DC92BC9234CF}.Release|iPhoneSimulator.ActiveCfg = Release|iPhoneSimulator
		{21C4DBC9-44A2-4BA5-B747-DC92BC9234CF}.Release|iPhoneSimulator.Build.0 = Release|iPhoneSimulator
		{A028DD2D-17F6-41E4-8FAC-EFFDC34CB992}.Debug|Any CPU.ActiveCfg = Release|Any CPU
		{A028DD2D-17F6-41E4-8FAC-EFFDC34CB992}.Debug|Any CPU.Build.0 = Release|Any CPU
		{A028DD2D-17F6-41E4-8FAC-EFFDC34CB992}.Debug|iPhone.ActiveCfg = Debug|Any CPU
		{A028DD2D-17F6-41E4-8FAC-EFFDC34CB992}.Debug|iPhone.Build.0 = Debug|Any CPU
		{A028DD2D-17F6-41E4-8FAC-EFFDC34CB992}.Debug|iPhoneSimulator.ActiveCfg = Debug|Any CPU
		{A028DD2D-17F6-41E4-8FAC-EFFDC34CB992}.Debug|iPhoneSimulator.Build.0 = Debug|Any CPU
		{A028DD2D-17F6-41E4-8FAC-EFFDC34CB992}.Release|Any CPU.ActiveCfg = Release|Any CPU
		{A028DD2D-17F6-41E4-8FAC-EFFDC34CB992}.Release|Any CPU.Build.0 = Release|Any CPU
		{A028DD2D-17F6-41E4-8FAC-EFFDC34CB992}.Release|iPhone.ActiveCfg = Release|Any CPU
		{A028DD2D-17F6-41E4-8FAC-EFFDC34CB992}.Release|iPhone.Build.0 = Release|Any CPU
		{A028DD2D-17F6-41E4-8FAC-EFFDC34CB992}.Release|iPhoneSimulator.ActiveCfg = Release|Any CPU
		{A028DD2D-17F6-41E4-8FAC-EFFDC34CB992}.Release|iPhoneSimulator.Build.0 = Release|Any CPU
	EndGlobalSection
	GlobalSection(SolutionProperties) = preSolution
		HideSolutionNode = FALSE
	EndGlobalSection
	GlobalSection(NestedProjects) = preSolution
		{24C27C52-2158-4E33-8179-45B8C574049A} = {19D28BD3-3C43-45AC-8E0B-322F74FAFCCD}
		{225CD039-F4E2-4209-854E-9F34662BDA1E} = {73080000-1A94-407A-ADF2-CA9C2319959C}
		{5B613ECB-C454-4B36-A1FB-85EA480F41EE} = {73080000-1A94-407A-ADF2-CA9C2319959C}
		{C5E7116F-E7DE-4D73-B0B0-7EE756885699} = {19D28BD3-3C43-45AC-8E0B-322F74FAFCCD}
		{ECBAB1B9-45A4-4FF4-87AD-0F29EDE3FFCF} = {24C27C52-2158-4E33-8179-45B8C574049A}
		{8CAE8143-EE59-4486-8653-B321D54FE00F} = {24C27C52-2158-4E33-8179-45B8C574049A}
		{B9391AFB-0736-4762-8B40-B8C1F4CBE1B9} = {149A6824-5B59-42CF-BC68-8631A8FE3FBA}
		{17B0ADD3-B36D-4A49-B328-484AD83D72D6} = {C5E7116F-E7DE-4D73-B0B0-7EE756885699}
		{1CBC24D8-FA23-4ED6-9620-C91798E7F083} = {149A6824-5B59-42CF-BC68-8631A8FE3FBA}
		{863B71BC-CD0C-4FF4-968B-2F4D2CC66D06} = {149A6824-5B59-42CF-BC68-8631A8FE3FBA}
		{F487E641-11DD-4CA4-8B90-363367332C24} = {149A6824-5B59-42CF-BC68-8631A8FE3FBA}
		{09049AD8-EC3A-4D51-974B-2AEF26BDB068} = {149A6824-5B59-42CF-BC68-8631A8FE3FBA}
		{362E1698-2FF4-4819-BE5F-C560395BE7B7} = {C7CD08D2-BED0-4990-8074-2F08CCD69757}
		{6C07D992-13C2-4456-8A51-0CF4409FCA56} = {C5E7116F-E7DE-4D73-B0B0-7EE756885699}
		{3F3B42F3-2DA0-4FF4-9947-75489A16A4F2} = {149A6824-5B59-42CF-BC68-8631A8FE3FBA}
		{62EFF794-34A5-4596-BF60-8050E075DE3F} = {149A6824-5B59-42CF-BC68-8631A8FE3FBA}
		{1CA52C44-A65A-4503-8A89-26C7C78C9A1F} = {149A6824-5B59-42CF-BC68-8631A8FE3FBA}
		{358CA5B8-99A6-4802-BB5F-FDB3A428AAD4} = {149A6824-5B59-42CF-BC68-8631A8FE3FBA}
		{82B55AC5-2815-453F-9051-2CAF474006E3} = {149A6824-5B59-42CF-BC68-8631A8FE3FBA}
		{8E68CD47-2DAE-4F66-B7FA-A4657D793954} = {82B55AC5-2815-453F-9051-2CAF474006E3}
		{C9F05598-A2E4-41F1-91E1-E426F2A335F2} = {82B55AC5-2815-453F-9051-2CAF474006E3}
		{A4769565-11FD-4D6B-B617-35A15F188B98} = {82B55AC5-2815-453F-9051-2CAF474006E3}
		{903A387A-6ADC-42C3-AD85-200362B39D3E} = {149A6824-5B59-42CF-BC68-8631A8FE3FBA}
		{B17D234F-4D9E-461A-B139-C76C17BDDBB0} = {24C27C52-2158-4E33-8179-45B8C574049A}
		{22B0FE1D-2E44-42A3-9413-C8C8D48BCA1E} = {24C27C52-2158-4E33-8179-45B8C574049A}
		{2191D042-9D95-4141-8E2C-7AD0A47A454F} = {24C27C52-2158-4E33-8179-45B8C574049A}
		{BD4902FD-2F41-45DF-ABF9-FC36F4D9EB60} = {5B613ECB-C454-4B36-A1FB-85EA480F41EE}
		{D1E25F09-E4AB-492A-BA03-B22D23EC6536} = {149A6824-5B59-42CF-BC68-8631A8FE3FBA}
		{8115B26B-A70F-4964-8626-03E50109F9DD} = {149A6824-5B59-42CF-BC68-8631A8FE3FBA}
		{D4BC759D-F634-403D-A8A7-EF6F300BB44B} = {149A6824-5B59-42CF-BC68-8631A8FE3FBA}
		{EE62E01B-86E6-4C68-913E-6DE54E41B722} = {225CD039-F4E2-4209-854E-9F34662BDA1E}
		{21C4DBC9-44A2-4BA5-B747-DC92BC9234CF} = {225CD039-F4E2-4209-854E-9F34662BDA1E}
		{A028DD2D-17F6-41E4-8FAC-EFFDC34CB992} = {225CD039-F4E2-4209-854E-9F34662BDA1E}
	EndGlobalSection
	GlobalSection(ExtensibilityGlobals) = postSolution
		SolutionGuid = {6A53513A-8902-494E-BB0C-3F2AAA7ED6CF}
	EndGlobalSection
EndGlobal
